// !$*UTF8*$!
{
	archiveVersion = 1;
	classes = {
	};
	objectVersion = 50;
	objects = {

/* Begin PBXBuildFile section */
		22472D7D7A04F2C4D4D23397 /* Pods_Youse_ChallengeUITests.framework in Frameworks */ = {isa = PBXBuildFile; fileRef = 53A59B322AC53295AC71A47F /* Pods_Youse_ChallengeUITests.framework */; };
		25F8AC5E933B893E0FE405BD /* Pods_Youse_ChallengeTests.framework in Frameworks */ = {isa = PBXBuildFile; fileRef = 04BED5B5EF50F8727DBA3395 /* Pods_Youse_ChallengeTests.framework */; };
		615AD879211E3C03009EA364 /* .swiftlint.yml in Resources */ = {isa = PBXBuildFile; fileRef = 615AD878211E3C03009EA364 /* .swiftlint.yml */; };
		618ED113211E362400CD177E /* Localizable.strings in Resources */ = {isa = PBXBuildFile; fileRef = 618ED115211E362400CD177E /* Localizable.strings */; };
		618ED119211E36AF00CD177E /* Constants.swift in Sources */ = {isa = PBXBuildFile; fileRef = 618ED118211E36AF00CD177E /* Constants.swift */; };
		618ED11B211E376600CD177E /* LaunchScreen.storyboard in Resources */ = {isa = PBXBuildFile; fileRef = 618ED11A211E376600CD177E /* LaunchScreen.storyboard */; };
		618ED11D211E37DE00CD177E /* Main.storyboard in Resources */ = {isa = PBXBuildFile; fileRef = 618ED11C211E37DE00CD177E /* Main.storyboard */; };
		618ED11F211E381B00CD177E /* ViewController.swift in Sources */ = {isa = PBXBuildFile; fileRef = 618ED11E211E381B00CD177E /* ViewController.swift */; };
		61BD1BC1211E58DE009BB88A /* NetworkService.swift in Sources */ = {isa = PBXBuildFile; fileRef = 61BD1BC0211E58DE009BB88A /* NetworkService.swift */; };
		61BD1BC3211E59ED009BB88A /* NetworkLogger.swift in Sources */ = {isa = PBXBuildFile; fileRef = 61BD1BC2211E59ED009BB88A /* NetworkLogger.swift */; };
		61BD1BC6211E5CDB009BB88A /* String+Localized.swift in Sources */ = {isa = PBXBuildFile; fileRef = 61BD1BC5211E5CDB009BB88A /* String+Localized.swift */; };
		61DC0B9E211E33B400D28BDA /* AppDelegate.swift in Sources */ = {isa = PBXBuildFile; fileRef = 61DC0B9D211E33B400D28BDA /* AppDelegate.swift */; };
		61DC0BA5211E33B600D28BDA /* Assets.xcassets in Resources */ = {isa = PBXBuildFile; fileRef = 61DC0BA4211E33B600D28BDA /* Assets.xcassets */; };
		61DC0BB3211E33B600D28BDA /* Youse_ChallengeTests.swift in Sources */ = {isa = PBXBuildFile; fileRef = 61DC0BB2211E33B600D28BDA /* Youse_ChallengeTests.swift */; };
		61DC0BBE211E33B600D28BDA /* Youse_ChallengeUITests.swift in Sources */ = {isa = PBXBuildFile; fileRef = 61DC0BBD211E33B600D28BDA /* Youse_ChallengeUITests.swift */; };
		A4ADB6922D38D418B0EFC970 /* Pods_Youse_Challenge.framework in Frameworks */ = {isa = PBXBuildFile; fileRef = 4D387A5F6C075383D5B491CC /* Pods_Youse_Challenge.framework */; };
/* End PBXBuildFile section */

/* Begin PBXContainerItemProxy section */
		61DC0BAF211E33B600D28BDA /* PBXContainerItemProxy */ = {
			isa = PBXContainerItemProxy;
			containerPortal = 61DC0B92211E33B400D28BDA /* Project object */;
			proxyType = 1;
			remoteGlobalIDString = 61DC0B99211E33B400D28BDA;
			remoteInfo = "Youse-Challenge";
		};
		61DC0BBA211E33B600D28BDA /* PBXContainerItemProxy */ = {
			isa = PBXContainerItemProxy;
			containerPortal = 61DC0B92211E33B400D28BDA /* Project object */;
			proxyType = 1;
			remoteGlobalIDString = 61DC0B99211E33B400D28BDA;
			remoteInfo = "Youse-Challenge";
		};
/* End PBXContainerItemProxy section */

/* Begin PBXFileReference section */
		04BED5B5EF50F8727DBA3395 /* Pods_Youse_ChallengeTests.framework */ = {isa = PBXFileReference; explicitFileType = wrapper.framework; includeInIndex = 0; path = Pods_Youse_ChallengeTests.framework; sourceTree = BUILT_PRODUCTS_DIR; };
		20AE100DB0F9D8CD97345992 /* Pods-Youse-ChallengeTests.release.xcconfig */ = {isa = PBXFileReference; includeInIndex = 1; lastKnownFileType = text.xcconfig; name = "Pods-Youse-ChallengeTests.release.xcconfig"; path = "Pods/Target Support Files/Pods-Youse-ChallengeTests/Pods-Youse-ChallengeTests.release.xcconfig"; sourceTree = "<group>"; };
		4D387A5F6C075383D5B491CC /* Pods_Youse_Challenge.framework */ = {isa = PBXFileReference; explicitFileType = wrapper.framework; includeInIndex = 0; path = Pods_Youse_Challenge.framework; sourceTree = BUILT_PRODUCTS_DIR; };
		52958ADBC92E1FF74EAB7A57 /* Pods-Youse-Challenge.release.xcconfig */ = {isa = PBXFileReference; includeInIndex = 1; lastKnownFileType = text.xcconfig; name = "Pods-Youse-Challenge.release.xcconfig"; path = "Pods/Target Support Files/Pods-Youse-Challenge/Pods-Youse-Challenge.release.xcconfig"; sourceTree = "<group>"; };
		53A59B322AC53295AC71A47F /* Pods_Youse_ChallengeUITests.framework */ = {isa = PBXFileReference; explicitFileType = wrapper.framework; includeInIndex = 0; path = Pods_Youse_ChallengeUITests.framework; sourceTree = BUILT_PRODUCTS_DIR; };
		615AD878211E3C03009EA364 /* .swiftlint.yml */ = {isa = PBXFileReference; fileEncoding = 4; lastKnownFileType = text; path = .swiftlint.yml; sourceTree = "<group>"; };
		618ED114211E362400CD177E /* en */ = {isa = PBXFileReference; lastKnownFileType = text.plist.strings; name = en; path = en.lproj/Localizable.strings; sourceTree = "<group>"; };
		618ED116211E364000CD177E /* pt-BR */ = {isa = PBXFileReference; lastKnownFileType = text.plist.strings; name = "pt-BR"; path = "pt-BR.lproj/Localizable.strings"; sourceTree = "<group>"; };
		618ED118211E36AF00CD177E /* Constants.swift */ = {isa = PBXFileReference; lastKnownFileType = sourcecode.swift; path = Constants.swift; sourceTree = "<group>"; };
		618ED11A211E376600CD177E /* LaunchScreen.storyboard */ = {isa = PBXFileReference; lastKnownFileType = file.storyboard; path = LaunchScreen.storyboard; sourceTree = "<group>"; };
		618ED11C211E37DE00CD177E /* Main.storyboard */ = {isa = PBXFileReference; lastKnownFileType = file.storyboard; path = Main.storyboard; sourceTree = "<group>"; };
		618ED11E211E381B00CD177E /* ViewController.swift */ = {isa = PBXFileReference; lastKnownFileType = sourcecode.swift; path = ViewController.swift; sourceTree = "<group>"; };
		61BD1BC0211E58DE009BB88A /* NetworkService.swift */ = {isa = PBXFileReference; lastKnownFileType = sourcecode.swift; path = NetworkService.swift; sourceTree = "<group>"; };
		61BD1BC2211E59ED009BB88A /* NetworkLogger.swift */ = {isa = PBXFileReference; lastKnownFileType = sourcecode.swift; path = NetworkLogger.swift; sourceTree = "<group>"; };
		61BD1BC5211E5CDB009BB88A /* String+Localized.swift */ = {isa = PBXFileReference; lastKnownFileType = sourcecode.swift; path = "String+Localized.swift"; sourceTree = "<group>"; };
		61DC0B9A211E33B400D28BDA /* Youse-Challenge.app */ = {isa = PBXFileReference; explicitFileType = wrapper.application; includeInIndex = 0; path = "Youse-Challenge.app"; sourceTree = BUILT_PRODUCTS_DIR; };
		61DC0B9D211E33B400D28BDA /* AppDelegate.swift */ = {isa = PBXFileReference; lastKnownFileType = sourcecode.swift; path = AppDelegate.swift; sourceTree = "<group>"; };
		61DC0BA4211E33B600D28BDA /* Assets.xcassets */ = {isa = PBXFileReference; lastKnownFileType = folder.assetcatalog; path = Assets.xcassets; sourceTree = "<group>"; };
		61DC0BA9211E33B600D28BDA /* Info.plist */ = {isa = PBXFileReference; lastKnownFileType = text.plist.xml; path = Info.plist; sourceTree = "<group>"; };
		61DC0BAE211E33B600D28BDA /* Youse-ChallengeTests.xctest */ = {isa = PBXFileReference; explicitFileType = wrapper.cfbundle; includeInIndex = 0; path = "Youse-ChallengeTests.xctest"; sourceTree = BUILT_PRODUCTS_DIR; };
		61DC0BB2211E33B600D28BDA /* Youse_ChallengeTests.swift */ = {isa = PBXFileReference; lastKnownFileType = sourcecode.swift; path = Youse_ChallengeTests.swift; sourceTree = "<group>"; };
		61DC0BB4211E33B600D28BDA /* Info.plist */ = {isa = PBXFileReference; lastKnownFileType = text.plist.xml; path = Info.plist; sourceTree = "<group>"; };
		61DC0BB9211E33B600D28BDA /* Youse-ChallengeUITests.xctest */ = {isa = PBXFileReference; explicitFileType = wrapper.cfbundle; includeInIndex = 0; path = "Youse-ChallengeUITests.xctest"; sourceTree = BUILT_PRODUCTS_DIR; };
		61DC0BBD211E33B600D28BDA /* Youse_ChallengeUITests.swift */ = {isa = PBXFileReference; lastKnownFileType = sourcecode.swift; path = Youse_ChallengeUITests.swift; sourceTree = "<group>"; };
		61DC0BBF211E33B600D28BDA /* Info.plist */ = {isa = PBXFileReference; lastKnownFileType = text.plist.xml; path = Info.plist; sourceTree = "<group>"; };
		7D84FCA716AFDAE7FD5F5560 /* Pods-Youse-ChallengeTests.debug.xcconfig */ = {isa = PBXFileReference; includeInIndex = 1; lastKnownFileType = text.xcconfig; name = "Pods-Youse-ChallengeTests.debug.xcconfig"; path = "Pods/Target Support Files/Pods-Youse-ChallengeTests/Pods-Youse-ChallengeTests.debug.xcconfig"; sourceTree = "<group>"; };
		99101A8E749ABABB053BDB45 /* Pods-Youse-ChallengeUITests.release.xcconfig */ = {isa = PBXFileReference; includeInIndex = 1; lastKnownFileType = text.xcconfig; name = "Pods-Youse-ChallengeUITests.release.xcconfig"; path = "Pods/Target Support Files/Pods-Youse-ChallengeUITests/Pods-Youse-ChallengeUITests.release.xcconfig"; sourceTree = "<group>"; };
		DD11EA52CA137F35755561D0 /* Pods-Youse-ChallengeUITests.debug.xcconfig */ = {isa = PBXFileReference; includeInIndex = 1; lastKnownFileType = text.xcconfig; name = "Pods-Youse-ChallengeUITests.debug.xcconfig"; path = "Pods/Target Support Files/Pods-Youse-ChallengeUITests/Pods-Youse-ChallengeUITests.debug.xcconfig"; sourceTree = "<group>"; };
		E00F290B5AAE20F97068F4B8 /* Pods-Youse-Challenge.debug.xcconfig */ = {isa = PBXFileReference; includeInIndex = 1; lastKnownFileType = text.xcconfig; name = "Pods-Youse-Challenge.debug.xcconfig"; path = "Pods/Target Support Files/Pods-Youse-Challenge/Pods-Youse-Challenge.debug.xcconfig"; sourceTree = "<group>"; };
/* End PBXFileReference section */

/* Begin PBXFrameworksBuildPhase section */
		61DC0B97211E33B400D28BDA /* Frameworks */ = {
			isa = PBXFrameworksBuildPhase;
			buildActionMask = 2147483647;
			files = (
				A4ADB6922D38D418B0EFC970 /* Pods_Youse_Challenge.framework in Frameworks */,
			);
			runOnlyForDeploymentPostprocessing = 0;
		};
		61DC0BAB211E33B600D28BDA /* Frameworks */ = {
			isa = PBXFrameworksBuildPhase;
			buildActionMask = 2147483647;
			files = (
				25F8AC5E933B893E0FE405BD /* Pods_Youse_ChallengeTests.framework in Frameworks */,
			);
			runOnlyForDeploymentPostprocessing = 0;
		};
		61DC0BB6211E33B600D28BDA /* Frameworks */ = {
			isa = PBXFrameworksBuildPhase;
			buildActionMask = 2147483647;
			files = (
				22472D7D7A04F2C4D4D23397 /* Pods_Youse_ChallengeUITests.framework in Frameworks */,
			);
			runOnlyForDeploymentPostprocessing = 0;
		};
/* End PBXFrameworksBuildPhase section */

/* Begin PBXGroup section */
		1AF287E561BBB5F506514252 /* Pods */ = {
			isa = PBXGroup;
			children = (
				E00F290B5AAE20F97068F4B8 /* Pods-Youse-Challenge.debug.xcconfig */,
				52958ADBC92E1FF74EAB7A57 /* Pods-Youse-Challenge.release.xcconfig */,
				7D84FCA716AFDAE7FD5F5560 /* Pods-Youse-ChallengeTests.debug.xcconfig */,
				20AE100DB0F9D8CD97345992 /* Pods-Youse-ChallengeTests.release.xcconfig */,
				DD11EA52CA137F35755561D0 /* Pods-Youse-ChallengeUITests.debug.xcconfig */,
				99101A8E749ABABB053BDB45 /* Pods-Youse-ChallengeUITests.release.xcconfig */,
			);
			name = Pods;
			sourceTree = "<group>";
		};
		618ED109211E34CF00CD177E /* Resources */ = {
			isa = PBXGroup;
			children = (
				61DC0BA4211E33B600D28BDA /* Assets.xcassets */,
				618ED11A211E376600CD177E /* LaunchScreen.storyboard */,
				618ED10B211E350700CD177E /* Language */,
				618ED10C211E351000CD177E /* Supporting Files */,
			);
			path = Resources;
			sourceTree = "<group>";
		};
		618ED10A211E34F000CD177E /* Sources */ = {
			isa = PBXGroup;
			children = (
				61DC0B9D211E33B400D28BDA /* AppDelegate.swift */,
				618ED10D211E356400CD177E /* Features */,
				618ED10F211E357C00CD177E /* Network */,
				618ED110211E359400CD177E /* Shared */,
			);
			path = Sources;
			sourceTree = "<group>";
		};
		618ED10B211E350700CD177E /* Language */ = {
			isa = PBXGroup;
			children = (
				618ED115211E362400CD177E /* Localizable.strings */,
			);
			path = Language;
			sourceTree = "<group>";
		};
		618ED10C211E351000CD177E /* Supporting Files */ = {
			isa = PBXGroup;
			children = (
				615AD878211E3C03009EA364 /* .swiftlint.yml */,
				61DC0BA9211E33B600D28BDA /* Info.plist */,
			);
			path = "Supporting Files";
			sourceTree = "<group>";
		};
		618ED10D211E356400CD177E /* Features */ = {
			isa = PBXGroup;
			children = (
				618ED11C211E37DE00CD177E /* Main.storyboard */,
				618ED11E211E381B00CD177E /* ViewController.swift */,
			);
			path = Features;
			sourceTree = "<group>";
		};
		618ED10F211E357C00CD177E /* Network */ = {
			isa = PBXGroup;
			children = (
				61BD1BC0211E58DE009BB88A /* NetworkService.swift */,
				61BD1BC2211E59ED009BB88A /* NetworkLogger.swift */,
			);
			path = Network;
			sourceTree = "<group>";
		};
		618ED110211E359400CD177E /* Shared */ = {
			isa = PBXGroup;
			children = (
				61BD1BC4211E5CBB009BB88A /* Extensions */,
				618ED117211E36A200CD177E /* Utils */,
			);
			path = Shared;
			sourceTree = "<group>";
		};
		618ED117211E36A200CD177E /* Utils */ = {
			isa = PBXGroup;
			children = (
				618ED118211E36AF00CD177E /* Constants.swift */,
			);
			path = Utils;
			sourceTree = "<group>";
		};
		61BD1BC4211E5CBB009BB88A /* Extensions */ = {
			isa = PBXGroup;
			children = (
				61BD1BC5211E5CDB009BB88A /* String+Localized.swift */,
			);
			path = Extensions;
			sourceTree = "<group>";
		};
		61DC0B91211E33B400D28BDA = {
			isa = PBXGroup;
			children = (
				61DC0B9C211E33B400D28BDA /* Youse-Challenge */,
				61DC0BB1211E33B600D28BDA /* Youse-ChallengeTests */,
				61DC0BBC211E33B600D28BDA /* Youse-ChallengeUITests */,
				61DC0B9B211E33B400D28BDA /* Products */,
				1AF287E561BBB5F506514252 /* Pods */,
				C5D1173CBB5DB458041AE3CB /* Frameworks */,
			);
			sourceTree = "<group>";
		};
		61DC0B9B211E33B400D28BDA /* Products */ = {
			isa = PBXGroup;
			children = (
				61DC0B9A211E33B400D28BDA /* Youse-Challenge.app */,
				61DC0BAE211E33B600D28BDA /* Youse-ChallengeTests.xctest */,
				61DC0BB9211E33B600D28BDA /* Youse-ChallengeUITests.xctest */,
			);
			name = Products;
			sourceTree = "<group>";
		};
		61DC0B9C211E33B400D28BDA /* Youse-Challenge */ = {
			isa = PBXGroup;
			children = (
				618ED109211E34CF00CD177E /* Resources */,
				618ED10A211E34F000CD177E /* Sources */,
			);
			path = "Youse-Challenge";
			sourceTree = "<group>";
		};
		61DC0BB1211E33B600D28BDA /* Youse-ChallengeTests */ = {
			isa = PBXGroup;
			children = (
				61DC0BB2211E33B600D28BDA /* Youse_ChallengeTests.swift */,
				61DC0BB4211E33B600D28BDA /* Info.plist */,
			);
			path = "Youse-ChallengeTests";
			sourceTree = "<group>";
		};
		61DC0BBC211E33B600D28BDA /* Youse-ChallengeUITests */ = {
			isa = PBXGroup;
			children = (
				61DC0BBD211E33B600D28BDA /* Youse_ChallengeUITests.swift */,
				61DC0BBF211E33B600D28BDA /* Info.plist */,
			);
			path = "Youse-ChallengeUITests";
			sourceTree = "<group>";
		};
		C5D1173CBB5DB458041AE3CB /* Frameworks */ = {
			isa = PBXGroup;
			children = (
				4D387A5F6C075383D5B491CC /* Pods_Youse_Challenge.framework */,
				04BED5B5EF50F8727DBA3395 /* Pods_Youse_ChallengeTests.framework */,
				53A59B322AC53295AC71A47F /* Pods_Youse_ChallengeUITests.framework */,
			);
			name = Frameworks;
			sourceTree = "<group>";
		};
/* End PBXGroup section */

/* Begin PBXNativeTarget section */
		61DC0B99211E33B400D28BDA /* Youse-Challenge */ = {
			isa = PBXNativeTarget;
			buildConfigurationList = 61DC0BC2211E33B600D28BDA /* Build configuration list for PBXNativeTarget "Youse-Challenge" */;
			buildPhases = (
				7A5C79E96EEE464AA9E0C63C /* [CP] Check Pods Manifest.lock */,
				61DC0B96211E33B400D28BDA /* Sources */,
				61DC0B97211E33B400D28BDA /* Frameworks */,
				61DC0B98211E33B400D28BDA /* Resources */,
				9EC08742AE95D75CB3ED0EF0 /* [CP] Embed Pods Frameworks */,
			);
			buildRules = (
			);
			dependencies = (
			);
			name = "Youse-Challenge";
			productName = "Youse-Challenge";
			productReference = 61DC0B9A211E33B400D28BDA /* Youse-Challenge.app */;
			productType = "com.apple.product-type.application";
		};
		61DC0BAD211E33B600D28BDA /* Youse-ChallengeTests */ = {
			isa = PBXNativeTarget;
			buildConfigurationList = 61DC0BC5211E33B600D28BDA /* Build configuration list for PBXNativeTarget "Youse-ChallengeTests" */;
			buildPhases = (
				29124F4E6CE8C210C369F1BB /* [CP] Check Pods Manifest.lock */,
				61DC0BAA211E33B600D28BDA /* Sources */,
				61DC0BAB211E33B600D28BDA /* Frameworks */,
				61DC0BAC211E33B600D28BDA /* Resources */,
			);
			buildRules = (
			);
			dependencies = (
				61DC0BB0211E33B600D28BDA /* PBXTargetDependency */,
			);
			name = "Youse-ChallengeTests";
			productName = "Youse-ChallengeTests";
			productReference = 61DC0BAE211E33B600D28BDA /* Youse-ChallengeTests.xctest */;
			productType = "com.apple.product-type.bundle.unit-test";
		};
		61DC0BB8211E33B600D28BDA /* Youse-ChallengeUITests */ = {
			isa = PBXNativeTarget;
			buildConfigurationList = 61DC0BC8211E33B600D28BDA /* Build configuration list for PBXNativeTarget "Youse-ChallengeUITests" */;
			buildPhases = (
				184515636646CC7AA8996688 /* [CP] Check Pods Manifest.lock */,
				61DC0BB5211E33B600D28BDA /* Sources */,
				61DC0BB6211E33B600D28BDA /* Frameworks */,
				61DC0BB7211E33B600D28BDA /* Resources */,
			);
			buildRules = (
			);
			dependencies = (
				61DC0BBB211E33B600D28BDA /* PBXTargetDependency */,
			);
			name = "Youse-ChallengeUITests";
			productName = "Youse-ChallengeUITests";
			productReference = 61DC0BB9211E33B600D28BDA /* Youse-ChallengeUITests.xctest */;
			productType = "com.apple.product-type.bundle.ui-testing";
		};
/* End PBXNativeTarget section */

/* Begin PBXProject section */
		61DC0B92211E33B400D28BDA /* Project object */ = {
			isa = PBXProject;
			attributes = {
				LastSwiftUpdateCheck = 0940;
				LastUpgradeCheck = 0940;
				ORGANIZATIONNAME = "Michael Douglas";
				TargetAttributes = {
					61DC0B99211E33B400D28BDA = {
						CreatedOnToolsVersion = 9.4.1;
					};
					61DC0BAD211E33B600D28BDA = {
						CreatedOnToolsVersion = 9.4.1;
						TestTargetID = 61DC0B99211E33B400D28BDA;
					};
					61DC0BB8211E33B600D28BDA = {
						CreatedOnToolsVersion = 9.4.1;
						TestTargetID = 61DC0B99211E33B400D28BDA;
					};
				};
			};
			buildConfigurationList = 61DC0B95211E33B400D28BDA /* Build configuration list for PBXProject "Youse-Challenge" */;
			compatibilityVersion = "Xcode 9.3";
			developmentRegion = en;
			hasScannedForEncodings = 0;
			knownRegions = (
				en,
				"pt-BR",
			);
			mainGroup = 61DC0B91211E33B400D28BDA;
			productRefGroup = 61DC0B9B211E33B400D28BDA /* Products */;
			projectDirPath = "";
			projectRoot = "";
			targets = (
				61DC0B99211E33B400D28BDA /* Youse-Challenge */,
				61DC0BAD211E33B600D28BDA /* Youse-ChallengeTests */,
				61DC0BB8211E33B600D28BDA /* Youse-ChallengeUITests */,
			);
		};
/* End PBXProject section */

/* Begin PBXResourcesBuildPhase section */
		61DC0B98211E33B400D28BDA /* Resources */ = {
			isa = PBXResourcesBuildPhase;
			buildActionMask = 2147483647;
			files = (
				615AD879211E3C03009EA364 /* .swiftlint.yml in Resources */,
				618ED11B211E376600CD177E /* LaunchScreen.storyboard in Resources */,
				618ED113211E362400CD177E /* Localizable.strings in Resources */,
				61DC0BA5211E33B600D28BDA /* Assets.xcassets in Resources */,
				618ED11D211E37DE00CD177E /* Main.storyboard in Resources */,
			);
			runOnlyForDeploymentPostprocessing = 0;
		};
		61DC0BAC211E33B600D28BDA /* Resources */ = {
			isa = PBXResourcesBuildPhase;
			buildActionMask = 2147483647;
			files = (
			);
			runOnlyForDeploymentPostprocessing = 0;
		};
		61DC0BB7211E33B600D28BDA /* Resources */ = {
			isa = PBXResourcesBuildPhase;
			buildActionMask = 2147483647;
			files = (
			);
			runOnlyForDeploymentPostprocessing = 0;
		};
/* End PBXResourcesBuildPhase section */

/* Begin PBXShellScriptBuildPhase section */
		184515636646CC7AA8996688 /* [CP] Check Pods Manifest.lock */ = {
			isa = PBXShellScriptBuildPhase;
			buildActionMask = 2147483647;
			files = (
			);
			inputPaths = (
				"${PODS_PODFILE_DIR_PATH}/Podfile.lock",
				"${PODS_ROOT}/Manifest.lock",
			);
			name = "[CP] Check Pods Manifest.lock";
			outputPaths = (
				"$(DERIVED_FILE_DIR)/Pods-Youse-ChallengeUITests-checkManifestLockResult.txt",
			);
			runOnlyForDeploymentPostprocessing = 0;
			shellPath = /bin/sh;
			shellScript = "diff \"${PODS_PODFILE_DIR_PATH}/Podfile.lock\" \"${PODS_ROOT}/Manifest.lock\" > /dev/null\nif [ $? != 0 ] ; then\n    # print error to STDERR\n    echo \"error: The sandbox is not in sync with the Podfile.lock. Run 'pod install' or update your CocoaPods installation.\" >&2\n    exit 1\nfi\n# This output is used by Xcode 'outputs' to avoid re-running this script phase.\necho \"SUCCESS\" > \"${SCRIPT_OUTPUT_FILE_0}\"\n";
			showEnvVarsInLog = 0;
		};
		29124F4E6CE8C210C369F1BB /* [CP] Check Pods Manifest.lock */ = {
			isa = PBXShellScriptBuildPhase;
			buildActionMask = 2147483647;
			files = (
			);
			inputPaths = (
				"${PODS_PODFILE_DIR_PATH}/Podfile.lock",
				"${PODS_ROOT}/Manifest.lock",
			);
			name = "[CP] Check Pods Manifest.lock";
			outputPaths = (
				"$(DERIVED_FILE_DIR)/Pods-Youse-ChallengeTests-checkManifestLockResult.txt",
			);
			runOnlyForDeploymentPostprocessing = 0;
			shellPath = /bin/sh;
			shellScript = "diff \"${PODS_PODFILE_DIR_PATH}/Podfile.lock\" \"${PODS_ROOT}/Manifest.lock\" > /dev/null\nif [ $? != 0 ] ; then\n    # print error to STDERR\n    echo \"error: The sandbox is not in sync with the Podfile.lock. Run 'pod install' or update your CocoaPods installation.\" >&2\n    exit 1\nfi\n# This output is used by Xcode 'outputs' to avoid re-running this script phase.\necho \"SUCCESS\" > \"${SCRIPT_OUTPUT_FILE_0}\"\n";
			showEnvVarsInLog = 0;
		};
		7A5C79E96EEE464AA9E0C63C /* [CP] Check Pods Manifest.lock */ = {
			isa = PBXShellScriptBuildPhase;
			buildActionMask = 2147483647;
			files = (
			);
			inputPaths = (
				"${PODS_PODFILE_DIR_PATH}/Podfile.lock",
				"${PODS_ROOT}/Manifest.lock",
			);
			name = "[CP] Check Pods Manifest.lock";
			outputPaths = (
				"$(DERIVED_FILE_DIR)/Pods-Youse-Challenge-checkManifestLockResult.txt",
			);
			runOnlyForDeploymentPostprocessing = 0;
			shellPath = /bin/sh;
			shellScript = "diff \"${PODS_PODFILE_DIR_PATH}/Podfile.lock\" \"${PODS_ROOT}/Manifest.lock\" > /dev/null\nif [ $? != 0 ] ; then\n    # print error to STDERR\n    echo \"error: The sandbox is not in sync with the Podfile.lock. Run 'pod install' or update your CocoaPods installation.\" >&2\n    exit 1\nfi\n# This output is used by Xcode 'outputs' to avoid re-running this script phase.\necho \"SUCCESS\" > \"${SCRIPT_OUTPUT_FILE_0}\"\n";
			showEnvVarsInLog = 0;
		};
		9EC08742AE95D75CB3ED0EF0 /* [CP] Embed Pods Frameworks */ = {
			isa = PBXShellScriptBuildPhase;
			buildActionMask = 2147483647;
			files = (
			);
			inputPaths = (
				"${SRCROOT}/Pods/Target Support Files/Pods-Youse-Challenge/Pods-Youse-Challenge-frameworks.sh",
				"${BUILT_PRODUCTS_DIR}/Alamofire/Alamofire.framework",
				"${BUILT_PRODUCTS_DIR}/SwiftyJSON/SwiftyJSON.framework",
			);
			name = "[CP] Embed Pods Frameworks";
			outputPaths = (
				"${TARGET_BUILD_DIR}/${FRAMEWORKS_FOLDER_PATH}/Alamofire.framework",
				"${TARGET_BUILD_DIR}/${FRAMEWORKS_FOLDER_PATH}/SwiftyJSON.framework",
			);
			runOnlyForDeploymentPostprocessing = 0;
			shellPath = /bin/sh;
			shellScript = "\"${SRCROOT}/Pods/Target Support Files/Pods-Youse-Challenge/Pods-Youse-Challenge-frameworks.sh\"\n";
			showEnvVarsInLog = 0;
		};
/* End PBXShellScriptBuildPhase section */

/* Begin PBXSourcesBuildPhase section */
		61DC0B96211E33B400D28BDA /* Sources */ = {
			isa = PBXSourcesBuildPhase;
			buildActionMask = 2147483647;
			files = (
				61BD1BC6211E5CDB009BB88A /* String+Localized.swift in Sources */,
				61BD1BC3211E59ED009BB88A /* NetworkLogger.swift in Sources */,
				618ED11F211E381B00CD177E /* ViewController.swift in Sources */,
				61DC0B9E211E33B400D28BDA /* AppDelegate.swift in Sources */,
				61BD1BC1211E58DE009BB88A /* NetworkService.swift in Sources */,
				618ED119211E36AF00CD177E /* Constants.swift in Sources */,
			);
			runOnlyForDeploymentPostprocessing = 0;
		};
		61DC0BAA211E33B600D28BDA /* Sources */ = {
			isa = PBXSourcesBuildPhase;
			buildActionMask = 2147483647;
			files = (
				61DC0BB3211E33B600D28BDA /* Youse_ChallengeTests.swift in Sources */,
			);
			runOnlyForDeploymentPostprocessing = 0;
		};
		61DC0BB5211E33B600D28BDA /* Sources */ = {
			isa = PBXSourcesBuildPhase;
			buildActionMask = 2147483647;
			files = (
				61DC0BBE211E33B600D28BDA /* Youse_ChallengeUITests.swift in Sources */,
			);
			runOnlyForDeploymentPostprocessing = 0;
		};
/* End PBXSourcesBuildPhase section */

/* Begin PBXTargetDependency section */
		61DC0BB0211E33B600D28BDA /* PBXTargetDependency */ = {
			isa = PBXTargetDependency;
			target = 61DC0B99211E33B400D28BDA /* Youse-Challenge */;
			targetProxy = 61DC0BAF211E33B600D28BDA /* PBXContainerItemProxy */;
		};
		61DC0BBB211E33B600D28BDA /* PBXTargetDependency */ = {
			isa = PBXTargetDependency;
			target = 61DC0B99211E33B400D28BDA /* Youse-Challenge */;
			targetProxy = 61DC0BBA211E33B600D28BDA /* PBXContainerItemProxy */;
		};
/* End PBXTargetDependency section */

/* Begin PBXVariantGroup section */
		618ED115211E362400CD177E /* Localizable.strings */ = {
			isa = PBXVariantGroup;
			children = (
				618ED114211E362400CD177E /* en */,
				618ED116211E364000CD177E /* pt-BR */,
			);
			name = Localizable.strings;
			sourceTree = "<group>";
		};
/* End PBXVariantGroup section */

/* Begin XCBuildConfiguration section */
		61DC0BC0211E33B600D28BDA /* Debug */ = {
			isa = XCBuildConfiguration;
			buildSettings = {
				ALWAYS_SEARCH_USER_PATHS = NO;
				CLANG_ANALYZER_LOCALIZABILITY_NONLOCALIZED = YES;
				CLANG_ANALYZER_NONNULL = YES;
				CLANG_ANALYZER_NUMBER_OBJECT_CONVERSION = YES_AGGRESSIVE;
				CLANG_CXX_LANGUAGE_STANDARD = "gnu++14";
				CLANG_CXX_LIBRARY = "libc++";
				CLANG_ENABLE_MODULES = YES;
				CLANG_ENABLE_OBJC_ARC = YES;
				CLANG_ENABLE_OBJC_WEAK = YES;
				CLANG_WARN_BLOCK_CAPTURE_AUTORELEASING = YES;
				CLANG_WARN_BOOL_CONVERSION = YES;
				CLANG_WARN_COMMA = YES;
				CLANG_WARN_CONSTANT_CONVERSION = YES;
				CLANG_WARN_DEPRECATED_OBJC_IMPLEMENTATIONS = YES;
				CLANG_WARN_DIRECT_OBJC_ISA_USAGE = YES_ERROR;
				CLANG_WARN_DOCUMENTATION_COMMENTS = YES;
				CLANG_WARN_EMPTY_BODY = YES;
				CLANG_WARN_ENUM_CONVERSION = YES;
				CLANG_WARN_INFINITE_RECURSION = YES;
				CLANG_WARN_INT_CONVERSION = YES;
				CLANG_WARN_NON_LITERAL_NULL_CONVERSION = YES;
				CLANG_WARN_OBJC_IMPLICIT_RETAIN_SELF = YES;
				CLANG_WARN_OBJC_LITERAL_CONVERSION = YES;
				CLANG_WARN_OBJC_ROOT_CLASS = YES_ERROR;
				CLANG_WARN_RANGE_LOOP_ANALYSIS = YES;
				CLANG_WARN_STRICT_PROTOTYPES = YES;
				CLANG_WARN_SUSPICIOUS_MOVE = YES;
				CLANG_WARN_UNGUARDED_AVAILABILITY = YES_AGGRESSIVE;
				CLANG_WARN_UNREACHABLE_CODE = YES;
				CLANG_WARN__DUPLICATE_METHOD_MATCH = YES;
				CODE_SIGN_IDENTITY = "iPhone Developer";
				COPY_PHASE_STRIP = NO;
				DEBUG_INFORMATION_FORMAT = dwarf;
				ENABLE_STRICT_OBJC_MSGSEND = YES;
				ENABLE_TESTABILITY = YES;
				GCC_C_LANGUAGE_STANDARD = gnu11;
				GCC_DYNAMIC_NO_PIC = NO;
				GCC_NO_COMMON_BLOCKS = YES;
				GCC_OPTIMIZATION_LEVEL = 0;
				GCC_PREPROCESSOR_DEFINITIONS = (
					"DEBUG=1",
					"$(inherited)",
				);
				GCC_WARN_64_TO_32_BIT_CONVERSION = YES;
				GCC_WARN_ABOUT_RETURN_TYPE = YES_ERROR;
				GCC_WARN_UNDECLARED_SELECTOR = YES;
				GCC_WARN_UNINITIALIZED_AUTOS = YES_AGGRESSIVE;
				GCC_WARN_UNUSED_FUNCTION = YES;
				GCC_WARN_UNUSED_VARIABLE = YES;
				IPHONEOS_DEPLOYMENT_TARGET = 11.4;
				MTL_ENABLE_DEBUG_INFO = YES;
				ONLY_ACTIVE_ARCH = YES;
				SDKROOT = iphoneos;
				SWIFT_ACTIVE_COMPILATION_CONDITIONS = DEBUG;
				SWIFT_OPTIMIZATION_LEVEL = "-Onone";
			};
			name = Debug;
		};
		61DC0BC1211E33B600D28BDA /* Release */ = {
			isa = XCBuildConfiguration;
			buildSettings = {
				ALWAYS_SEARCH_USER_PATHS = NO;
				CLANG_ANALYZER_LOCALIZABILITY_NONLOCALIZED = YES;
				CLANG_ANALYZER_NONNULL = YES;
				CLANG_ANALYZER_NUMBER_OBJECT_CONVERSION = YES_AGGRESSIVE;
				CLANG_CXX_LANGUAGE_STANDARD = "gnu++14";
				CLANG_CXX_LIBRARY = "libc++";
				CLANG_ENABLE_MODULES = YES;
				CLANG_ENABLE_OBJC_ARC = YES;
				CLANG_ENABLE_OBJC_WEAK = YES;
				CLANG_WARN_BLOCK_CAPTURE_AUTORELEASING = YES;
				CLANG_WARN_BOOL_CONVERSION = YES;
				CLANG_WARN_COMMA = YES;
				CLANG_WARN_CONSTANT_CONVERSION = YES;
				CLANG_WARN_DEPRECATED_OBJC_IMPLEMENTATIONS = YES;
				CLANG_WARN_DIRECT_OBJC_ISA_USAGE = YES_ERROR;
				CLANG_WARN_DOCUMENTATION_COMMENTS = YES;
				CLANG_WARN_EMPTY_BODY = YES;
				CLANG_WARN_ENUM_CONVERSION = YES;
				CLANG_WARN_INFINITE_RECURSION = YES;
				CLANG_WARN_INT_CONVERSION = YES;
				CLANG_WARN_NON_LITERAL_NULL_CONVERSION = YES;
				CLANG_WARN_OBJC_IMPLICIT_RETAIN_SELF = YES;
				CLANG_WARN_OBJC_LITERAL_CONVERSION = YES;
				CLANG_WARN_OBJC_ROOT_CLASS = YES_ERROR;
				CLANG_WARN_RANGE_LOOP_ANALYSIS = YES;
				CLANG_WARN_STRICT_PROTOTYPES = YES;
				CLANG_WARN_SUSPICIOUS_MOVE = YES;
				CLANG_WARN_UNGUARDED_AVAILABILITY = YES_AGGRESSIVE;
				CLANG_WARN_UNREACHABLE_CODE = YES;
				CLANG_WARN__DUPLICATE_METHOD_MATCH = YES;
				CODE_SIGN_IDENTITY = "iPhone Developer";
				COPY_PHASE_STRIP = NO;
				DEBUG_INFORMATION_FORMAT = "dwarf-with-dsym";
				ENABLE_NS_ASSERTIONS = NO;
				ENABLE_STRICT_OBJC_MSGSEND = YES;
				GCC_C_LANGUAGE_STANDARD = gnu11;
				GCC_NO_COMMON_BLOCKS = YES;
				GCC_WARN_64_TO_32_BIT_CONVERSION = YES;
				GCC_WARN_ABOUT_RETURN_TYPE = YES_ERROR;
				GCC_WARN_UNDECLARED_SELECTOR = YES;
				GCC_WARN_UNINITIALIZED_AUTOS = YES_AGGRESSIVE;
				GCC_WARN_UNUSED_FUNCTION = YES;
				GCC_WARN_UNUSED_VARIABLE = YES;
				IPHONEOS_DEPLOYMENT_TARGET = 11.4;
				MTL_ENABLE_DEBUG_INFO = NO;
				SDKROOT = iphoneos;
				SWIFT_COMPILATION_MODE = wholemodule;
				SWIFT_OPTIMIZATION_LEVEL = "-O";
				VALIDATE_PRODUCT = YES;
			};
			name = Release;
		};
		61DC0BC3211E33B600D28BDA /* Debug */ = {
			isa = XCBuildConfiguration;
			baseConfigurationReference = E00F290B5AAE20F97068F4B8 /* Pods-Youse-Challenge.debug.xcconfig */;
			buildSettings = {
				ASSETCATALOG_COMPILER_APPICON_NAME = AppIcon;
				CODE_SIGN_STYLE = Automatic;
				DEVELOPMENT_TEAM = 4Q582659G6;
				INFOPLIST_FILE = "$(SRCROOT)/Youse-Challenge/Resources/Supporting Files/Info.plist";
				LD_RUNPATH_SEARCH_PATHS = (
					"$(inherited)",
					"@executable_path/Frameworks",
				);
				PRODUCT_BUNDLE_IDENTIFIER = "br.com.michaeldouglas.Youse-Challenge";
				PRODUCT_NAME = "$(TARGET_NAME)";
				SWIFT_VERSION = 4.0;
				TARGETED_DEVICE_FAMILY = 1;
			};
			name = Debug;
		};
		61DC0BC4211E33B600D28BDA /* Release */ = {
			isa = XCBuildConfiguration;
			baseConfigurationReference = 52958ADBC92E1FF74EAB7A57 /* Pods-Youse-Challenge.release.xcconfig */;
			buildSettings = {
				ASSETCATALOG_COMPILER_APPICON_NAME = AppIcon;
				CODE_SIGN_STYLE = Automatic;
				DEVELOPMENT_TEAM = 4Q582659G6;
				INFOPLIST_FILE = "$(SRCROOT)/Youse-Challenge/Resources/Supporting Files/Info.plist";
				LD_RUNPATH_SEARCH_PATHS = (
					"$(inherited)",
					"@executable_path/Frameworks",
				);
				PRODUCT_BUNDLE_IDENTIFIER = "br.com.michaeldouglas.Youse-Challenge";
				PRODUCT_NAME = "$(TARGET_NAME)";
				SWIFT_VERSION = 4.0;
				TARGETED_DEVICE_FAMILY = 1;
			};
			name = Release;
		};
		61DC0BC6211E33B600D28BDA /* Debug */ = {
			isa = XCBuildConfiguration;
			baseConfigurationReference = 7D84FCA716AFDAE7FD5F5560 /* Pods-Youse-ChallengeTests.debug.xcconfig */;
			buildSettings = {
				ALWAYS_EMBED_SWIFT_STANDARD_LIBRARIES = YES;
				BUNDLE_LOADER = "$(TEST_HOST)";
				CODE_SIGN_STYLE = Automatic;
				DEVELOPMENT_TEAM = 4Q582659G6;
				INFOPLIST_FILE = "Youse-ChallengeTests/Info.plist";
				LD_RUNPATH_SEARCH_PATHS = (
					"$(inherited)",
					"@executable_path/Frameworks",
					"@loader_path/Frameworks",
				);
				PRODUCT_BUNDLE_IDENTIFIER = "br.com.michaeldouglas.Youse-ChallengeTests";
				PRODUCT_NAME = "$(TARGET_NAME)";
				SWIFT_VERSION = 4.0;
				TARGETED_DEVICE_FAMILY = "1,2";
				TEST_HOST = "$(BUILT_PRODUCTS_DIR)/Youse-Challenge.app/Youse-Challenge";
			};
			name = Debug;
		};
		61DC0BC7211E33B600D28BDA /* Release */ = {
			isa = XCBuildConfiguration;
			baseConfigurationReference = 20AE100DB0F9D8CD97345992 /* Pods-Youse-ChallengeTests.release.xcconfig */;
			buildSettings = {
				ALWAYS_EMBED_SWIFT_STANDARD_LIBRARIES = YES;
				BUNDLE_LOADER = "$(TEST_HOST)";
				CODE_SIGN_STYLE = Automatic;
				DEVELOPMENT_TEAM = 4Q582659G6;
				INFOPLIST_FILE = "Youse-ChallengeTests/Info.plist";
				LD_RUNPATH_SEARCH_PATHS = (
					"$(inherited)",
					"@executable_path/Frameworks",
					"@loader_path/Frameworks",
				);
				PRODUCT_BUNDLE_IDENTIFIER = "br.com.michaeldouglas.Youse-ChallengeTests";
				PRODUCT_NAME = "$(TARGET_NAME)";
				SWIFT_VERSION = 4.0;
				TARGETED_DEVICE_FAMILY = "1,2";
				TEST_HOST = "$(BUILT_PRODUCTS_DIR)/Youse-Challenge.app/Youse-Challenge";
			};
			name = Release;
		};
		61DC0BC9211E33B600D28BDA /* Debug */ = {
			isa = XCBuildConfiguration;
			baseConfigurationReference = DD11EA52CA137F35755561D0 /* Pods-Youse-ChallengeUITests.debug.xcconfig */;
			buildSettings = {
				ALWAYS_EMBED_SWIFT_STANDARD_LIBRARIES = YES;
				CODE_SIGN_STYLE = Automatic;
				DEVELOPMENT_TEAM = 4Q582659G6;
				INFOPLIST_FILE = "Youse-ChallengeUITests/Info.plist";
				LD_RUNPATH_SEARCH_PATHS = (
					"$(inherited)",
					"@executable_path/Frameworks",
					"@loader_path/Frameworks",
				);
				PRODUCT_BUNDLE_IDENTIFIER = "br.com.michaeldouglas.Youse-ChallengeUITests";
				PRODUCT_NAME = "$(TARGET_NAME)";
				SWIFT_VERSION = 4.0;
				TARGETED_DEVICE_FAMILY = "1,2";
				TEST_TARGET_NAME = "Youse-Challenge";
			};
			name = Debug;
		};
		61DC0BCA211E33B600D28BDA /* Release */ = {
			isa = XCBuildConfiguration;
			baseConfigurationReference = 99101A8E749ABABB053BDB45 /* Pods-Youse-ChallengeUITests.release.xcconfig */;
			buildSettings = {
				ALWAYS_EMBED_SWIFT_STANDARD_LIBRARIES = YES;
				CODE_SIGN_STYLE = Automatic;
				DEVELOPMENT_TEAM = 4Q582659G6;
				INFOPLIST_FILE = "Youse-ChallengeUITests/Info.plist";
				LD_RUNPATH_SEARCH_PATHS = (
					"$(inherited)",
					"@executable_path/Frameworks",
					"@loader_path/Frameworks",
				);
				PRODUCT_BUNDLE_IDENTIFIER = "br.com.michaeldouglas.Youse-ChallengeUITests";
				PRODUCT_NAME = "$(TARGET_NAME)";
				SWIFT_VERSION = 4.0;
				TARGETED_DEVICE_FAMILY = "1,2";
				TEST_TARGET_NAME = "Youse-Challenge";
			};
			name = Release;
		};
/* End XCBuildConfiguration section */

/* Begin XCConfigurationList section */
		61DC0B95211E33B400D28BDA /* Build configuration list for PBXProject "Youse-Challenge" */ = {
			isa = XCConfigurationList;
			buildConfigurations = (
				61DC0BC0211E33B600D28BDA /* Debug */,
				61DC0BC1211E33B600D28BDA /* Release */,
			);
			defaultConfigurationIsVisible = 0;
			defaultConfigurationName = Release;
		};
		61DC0BC2211E33B600D28BDA /* Build configuration list for PBXNativeTarget "Youse-Challenge" */ = {
			isa = XCConfigurationList;
			buildConfigurations = (
				61DC0BC3211E33B600D28BDA /* Debug */,
				61DC0BC4211E33B600D28BDA /* Release */,
			);
			defaultConfigurationIsVisible = 0;
			defaultConfigurationName = Release;
		};
		61DC0BC5211E33B600D28BDA /* Build configuration list for PBXNativeTarget "Youse-ChallengeTests" */ = {
			isa = XCConfigurationList;
			buildConfigurations = (
				61DC0BC6211E33B600D28BDA /* Debug */,
				61DC0BC7211E33B600D28BDA /* Release */,
			);
			defaultConfigurationIsVisible = 0;
			defaultConfigurationName = Release;
		};
		61DC0BC8211E33B600D28BDA /* Build configuration list for PBXNativeTarget "Youse-ChallengeUITests" */ = {
			isa = XCConfigurationList;
			buildConfigurations = (
				61DC0BC9211E33B600D28BDA /* Debug */,
				61DC0BCA211E33B600D28BDA /* Release */,
			);
			defaultConfigurationIsVisible = 0;
			defaultConfigurationName = Release;
		};
/* End XCConfigurationList section */
	};
	rootObject = 61DC0B92211E33B400D28BDA /* Project object */;
}
