// !$*UTF8*$!
{
	archiveVersion = 1;
	classes = {
	};
	objectVersion = 50;
	objects = {

/* Begin PBXBuildFile section */
		3CD6793AB7C9C6E7CF276A12 /* Pods_Youse_Auto.framework in Frameworks */ = {isa = PBXBuildFile; fileRef = A7640DFC29928464D19C741C /* Pods_Youse_Auto.framework */; };
		57E7443A63668A22E7AFEB05 /* Pods_Youse_AutoTests.framework in Frameworks */ = {isa = PBXBuildFile; fileRef = EB3BBF96427D0A5EA265D9B3 /* Pods_Youse_AutoTests.framework */; };
		615AD879211E3C03009EA364 /* .swiftlint.yml in Resources */ = {isa = PBXBuildFile; fileRef = 615AD878211E3C03009EA364 /* .swiftlint.yml */; };
		617E4FA92120C49300C6057F /* CarRepairs.storyboard in Resources */ = {isa = PBXBuildFile; fileRef = 617E4FA82120C49300C6057F /* CarRepairs.storyboard */; };
		617E4FAD2120C56400C6057F /* CarRepairsViewController.swift in Sources */ = {isa = PBXBuildFile; fileRef = 617E4FAC2120C56400C6057F /* CarRepairsViewController.swift */; };
		617E4FAF2120C5B700C6057F /* CarRepairsViewModel.swift in Sources */ = {isa = PBXBuildFile; fileRef = 617E4FAE2120C5B700C6057F /* CarRepairsViewModel.swift */; };
		617E4FB12120C77C00C6057F /* CarRepairsProvider.swift in Sources */ = {isa = PBXBuildFile; fileRef = 617E4FB02120C77C00C6057F /* CarRepairsProvider.swift */; };
		618ED113211E362400CD177E /* Localizable.strings in Resources */ = {isa = PBXBuildFile; fileRef = 618ED115211E362400CD177E /* Localizable.strings */; };
		618ED119211E36AF00CD177E /* Constants.swift in Sources */ = {isa = PBXBuildFile; fileRef = 618ED118211E36AF00CD177E /* Constants.swift */; };
		618ED11B211E376600CD177E /* LaunchScreen.storyboard in Resources */ = {isa = PBXBuildFile; fileRef = 618ED11A211E376600CD177E /* LaunchScreen.storyboard */; };
		6197DB9D211EB92400237222 /* UIColor+Style.swift in Sources */ = {isa = PBXBuildFile; fileRef = 6197DB9C211EB92400237222 /* UIColor+Style.swift */; };
		61B8830B21211DB300B6A5B7 /* CarRepair.swift in Sources */ = {isa = PBXBuildFile; fileRef = 61B8830A21211DB300B6A5B7 /* CarRepair.swift */; };
		61B8830D21212BCE00B6A5B7 /* Photo.swift in Sources */ = {isa = PBXBuildFile; fileRef = 61B8830C21212BCE00B6A5B7 /* Photo.swift */; };
		61BD1BC1211E58DE009BB88A /* NetworkService.swift in Sources */ = {isa = PBXBuildFile; fileRef = 61BD1BC0211E58DE009BB88A /* NetworkService.swift */; };
		61BD1BC3211E59ED009BB88A /* NetworkLogger.swift in Sources */ = {isa = PBXBuildFile; fileRef = 61BD1BC2211E59ED009BB88A /* NetworkLogger.swift */; };
		61BD1BC6211E5CDB009BB88A /* String+Localized.swift in Sources */ = {isa = PBXBuildFile; fileRef = 61BD1BC5211E5CDB009BB88A /* String+Localized.swift */; };
		61BD1BCA211E8A37009BB88A /* NetworkTests.swift in Sources */ = {isa = PBXBuildFile; fileRef = 61BD1BC9211E8A37009BB88A /* NetworkTests.swift */; };
		61DC0B9E211E33B400D28BDA /* AppDelegate.swift in Sources */ = {isa = PBXBuildFile; fileRef = 61DC0B9D211E33B400D28BDA /* AppDelegate.swift */; };
		61DC0BA5211E33B600D28BDA /* Assets.xcassets in Resources */ = {isa = PBXBuildFile; fileRef = 61DC0BA4211E33B600D28BDA /* Assets.xcassets */; };
		61DC0BBE211E33B600D28BDA /* Youse_AutoUITests.swift in Sources */ = {isa = PBXBuildFile; fileRef = 61DC0BBD211E33B600D28BDA /* Youse_AutoUITests.swift */; };
		78E89692591F7E11B154F07E /* Pods_Youse_AutoUITests.framework in Frameworks */ = {isa = PBXBuildFile; fileRef = F0A4470C89C6AFCA2F90D069 /* Pods_Youse_AutoUITests.framework */; };
/* End PBXBuildFile section */

/* Begin PBXContainerItemProxy section */
		61DC0BAF211E33B600D28BDA /* PBXContainerItemProxy */ = {
			isa = PBXContainerItemProxy;
			containerPortal = 61DC0B92211E33B400D28BDA /* Project object */;
			proxyType = 1;
			remoteGlobalIDString = 61DC0B99211E33B400D28BDA;
			remoteInfo = "Youse-Challenge";
		};
		61DC0BBA211E33B600D28BDA /* PBXContainerItemProxy */ = {
			isa = PBXContainerItemProxy;
			containerPortal = 61DC0B92211E33B400D28BDA /* Project object */;
			proxyType = 1;
			remoteGlobalIDString = 61DC0B99211E33B400D28BDA;
			remoteInfo = "Youse-Challenge";
		};
/* End PBXContainerItemProxy section */

/* Begin PBXFileReference section */
		2147981F7720647C873BDC72 /* Pods-Youse-Auto.debug.xcconfig */ = {isa = PBXFileReference; includeInIndex = 1; lastKnownFileType = text.xcconfig; name = "Pods-Youse-Auto.debug.xcconfig"; path = "Pods/Target Support Files/Pods-Youse-Auto/Pods-Youse-Auto.debug.xcconfig"; sourceTree = "<group>"; };
		2179B4A1CB3B0DCCB2E7DE0B /* Pods-Youse-AutoUITests.debug.xcconfig */ = {isa = PBXFileReference; includeInIndex = 1; lastKnownFileType = text.xcconfig; name = "Pods-Youse-AutoUITests.debug.xcconfig"; path = "Pods/Target Support Files/Pods-Youse-AutoUITests/Pods-Youse-AutoUITests.debug.xcconfig"; sourceTree = "<group>"; };
		42F3EE92F5A6DBB8D7EB4533 /* Pods-Youse-AutoTests.release.xcconfig */ = {isa = PBXFileReference; includeInIndex = 1; lastKnownFileType = text.xcconfig; name = "Pods-Youse-AutoTests.release.xcconfig"; path = "Pods/Target Support Files/Pods-Youse-AutoTests/Pods-Youse-AutoTests.release.xcconfig"; sourceTree = "<group>"; };
		4CD7E28A071A3478212FC18C /* Pods-Youse-Auto.release.xcconfig */ = {isa = PBXFileReference; includeInIndex = 1; lastKnownFileType = text.xcconfig; name = "Pods-Youse-Auto.release.xcconfig"; path = "Pods/Target Support Files/Pods-Youse-Auto/Pods-Youse-Auto.release.xcconfig"; sourceTree = "<group>"; };
		615AD878211E3C03009EA364 /* .swiftlint.yml */ = {isa = PBXFileReference; fileEncoding = 4; lastKnownFileType = text; path = .swiftlint.yml; sourceTree = "<group>"; };
		617E4FA82120C49300C6057F /* CarRepairs.storyboard */ = {isa = PBXFileReference; lastKnownFileType = file.storyboard; path = CarRepairs.storyboard; sourceTree = "<group>"; };
		617E4FAC2120C56400C6057F /* CarRepairsViewController.swift */ = {isa = PBXFileReference; lastKnownFileType = sourcecode.swift; path = CarRepairsViewController.swift; sourceTree = "<group>"; };
		617E4FAE2120C5B700C6057F /* CarRepairsViewModel.swift */ = {isa = PBXFileReference; lastKnownFileType = sourcecode.swift; path = CarRepairsViewModel.swift; sourceTree = "<group>"; };
		617E4FB02120C77C00C6057F /* CarRepairsProvider.swift */ = {isa = PBXFileReference; lastKnownFileType = sourcecode.swift; path = CarRepairsProvider.swift; sourceTree = "<group>"; };
		618ED114211E362400CD177E /* en */ = {isa = PBXFileReference; lastKnownFileType = text.plist.strings; name = en; path = en.lproj/Localizable.strings; sourceTree = "<group>"; };
		618ED116211E364000CD177E /* pt-BR */ = {isa = PBXFileReference; lastKnownFileType = text.plist.strings; name = "pt-BR"; path = "pt-BR.lproj/Localizable.strings"; sourceTree = "<group>"; };
		618ED118211E36AF00CD177E /* Constants.swift */ = {isa = PBXFileReference; lastKnownFileType = sourcecode.swift; path = Constants.swift; sourceTree = "<group>"; };
		618ED11A211E376600CD177E /* LaunchScreen.storyboard */ = {isa = PBXFileReference; lastKnownFileType = file.storyboard; path = LaunchScreen.storyboard; sourceTree = "<group>"; };
		6197DB9C211EB92400237222 /* UIColor+Style.swift */ = {isa = PBXFileReference; lastKnownFileType = sourcecode.swift; path = "UIColor+Style.swift"; sourceTree = "<group>"; };
		61B8830A21211DB300B6A5B7 /* CarRepair.swift */ = {isa = PBXFileReference; lastKnownFileType = sourcecode.swift; path = CarRepair.swift; sourceTree = "<group>"; };
		61B8830C21212BCE00B6A5B7 /* Photo.swift */ = {isa = PBXFileReference; lastKnownFileType = sourcecode.swift; path = Photo.swift; sourceTree = "<group>"; };
		61BD1BC0211E58DE009BB88A /* NetworkService.swift */ = {isa = PBXFileReference; lastKnownFileType = sourcecode.swift; path = NetworkService.swift; sourceTree = "<group>"; };
		61BD1BC2211E59ED009BB88A /* NetworkLogger.swift */ = {isa = PBXFileReference; lastKnownFileType = sourcecode.swift; path = NetworkLogger.swift; sourceTree = "<group>"; };
		61BD1BC5211E5CDB009BB88A /* String+Localized.swift */ = {isa = PBXFileReference; lastKnownFileType = sourcecode.swift; path = "String+Localized.swift"; sourceTree = "<group>"; };
		61BD1BC9211E8A37009BB88A /* NetworkTests.swift */ = {isa = PBXFileReference; lastKnownFileType = sourcecode.swift; path = NetworkTests.swift; sourceTree = "<group>"; };
		61DC0B9A211E33B400D28BDA /* Youse-Auto.app */ = {isa = PBXFileReference; explicitFileType = wrapper.application; includeInIndex = 0; path = "Youse-Auto.app"; sourceTree = BUILT_PRODUCTS_DIR; };
		61DC0B9D211E33B400D28BDA /* AppDelegate.swift */ = {isa = PBXFileReference; lastKnownFileType = sourcecode.swift; path = AppDelegate.swift; sourceTree = "<group>"; };
		61DC0BA4211E33B600D28BDA /* Assets.xcassets */ = {isa = PBXFileReference; lastKnownFileType = folder.assetcatalog; path = Assets.xcassets; sourceTree = "<group>"; };
		61DC0BA9211E33B600D28BDA /* Info.plist */ = {isa = PBXFileReference; lastKnownFileType = text.plist.xml; path = Info.plist; sourceTree = "<group>"; };
		61DC0BAE211E33B600D28BDA /* Youse-AutoTests.xctest */ = {isa = PBXFileReference; explicitFileType = wrapper.cfbundle; includeInIndex = 0; path = "Youse-AutoTests.xctest"; sourceTree = BUILT_PRODUCTS_DIR; };
		61DC0BB4211E33B600D28BDA /* Info.plist */ = {isa = PBXFileReference; lastKnownFileType = text.plist.xml; path = Info.plist; sourceTree = "<group>"; };
		61DC0BB9211E33B600D28BDA /* Youse-AutoUITests.xctest */ = {isa = PBXFileReference; explicitFileType = wrapper.cfbundle; includeInIndex = 0; path = "Youse-AutoUITests.xctest"; sourceTree = BUILT_PRODUCTS_DIR; };
		61DC0BBD211E33B600D28BDA /* Youse_AutoUITests.swift */ = {isa = PBXFileReference; lastKnownFileType = sourcecode.swift; path = Youse_AutoUITests.swift; sourceTree = "<group>"; };
		61DC0BBF211E33B600D28BDA /* Info.plist */ = {isa = PBXFileReference; lastKnownFileType = text.plist.xml; path = Info.plist; sourceTree = "<group>"; };
		A004950F5C3D175A92626C0F /* Pods-Youse-AutoTests.debug.xcconfig */ = {isa = PBXFileReference; includeInIndex = 1; lastKnownFileType = text.xcconfig; name = "Pods-Youse-AutoTests.debug.xcconfig"; path = "Pods/Target Support Files/Pods-Youse-AutoTests/Pods-Youse-AutoTests.debug.xcconfig"; sourceTree = "<group>"; };
		A7640DFC29928464D19C741C /* Pods_Youse_Auto.framework */ = {isa = PBXFileReference; explicitFileType = wrapper.framework; includeInIndex = 0; path = Pods_Youse_Auto.framework; sourceTree = BUILT_PRODUCTS_DIR; };
		EB3BBF96427D0A5EA265D9B3 /* Pods_Youse_AutoTests.framework */ = {isa = PBXFileReference; explicitFileType = wrapper.framework; includeInIndex = 0; path = Pods_Youse_AutoTests.framework; sourceTree = BUILT_PRODUCTS_DIR; };
		F0A4470C89C6AFCA2F90D069 /* Pods_Youse_AutoUITests.framework */ = {isa = PBXFileReference; explicitFileType = wrapper.framework; includeInIndex = 0; path = Pods_Youse_AutoUITests.framework; sourceTree = BUILT_PRODUCTS_DIR; };
		FAD03398922C8D07E2A222B3 /* Pods-Youse-AutoUITests.release.xcconfig */ = {isa = PBXFileReference; includeInIndex = 1; lastKnownFileType = text.xcconfig; name = "Pods-Youse-AutoUITests.release.xcconfig"; path = "Pods/Target Support Files/Pods-Youse-AutoUITests/Pods-Youse-AutoUITests.release.xcconfig"; sourceTree = "<group>"; };
/* End PBXFileReference section */

/* Begin PBXFrameworksBuildPhase section */
		61DC0B97211E33B400D28BDA /* Frameworks */ = {
			isa = PBXFrameworksBuildPhase;
			buildActionMask = 2147483647;
			files = (
				3CD6793AB7C9C6E7CF276A12 /* Pods_Youse_Auto.framework in Frameworks */,
			);
			runOnlyForDeploymentPostprocessing = 0;
		};
		61DC0BAB211E33B600D28BDA /* Frameworks */ = {
			isa = PBXFrameworksBuildPhase;
			buildActionMask = 2147483647;
			files = (
				57E7443A63668A22E7AFEB05 /* Pods_Youse_AutoTests.framework in Frameworks */,
			);
			runOnlyForDeploymentPostprocessing = 0;
		};
		61DC0BB6211E33B600D28BDA /* Frameworks */ = {
			isa = PBXFrameworksBuildPhase;
			buildActionMask = 2147483647;
			files = (
				78E89692591F7E11B154F07E /* Pods_Youse_AutoUITests.framework in Frameworks */,
			);
			runOnlyForDeploymentPostprocessing = 0;
		};
/* End PBXFrameworksBuildPhase section */

/* Begin PBXGroup section */
		6177A283211F85ED00F963C6 /* CarRepairs */ = {
			isa = PBXGroup;
			children = (
				617E4FA82120C49300C6057F /* CarRepairs.storyboard */,
				617E4FAA2120C49E00C6057F /* Models */,
				617E4FAB2120C4AD00C6057F /* CarRepairs */,
			);
			path = CarRepairs;
			sourceTree = "<group>";
		};
		6177A284211F868700F963C6 /* CarRepairDetails */ = {
			isa = PBXGroup;
			children = (
			);
			path = CarRepairDetails;
			sourceTree = "<group>";
		};
		617E4FAA2120C49E00C6057F /* Models */ = {
			isa = PBXGroup;
			children = (
				617E4FB02120C77C00C6057F /* CarRepairsProvider.swift */,
				61B8830A21211DB300B6A5B7 /* CarRepair.swift */,
				61B8830C21212BCE00B6A5B7 /* Photo.swift */,
			);
			path = Models;
			sourceTree = "<group>";
		};
		617E4FAB2120C4AD00C6057F /* CarRepairs */ = {
			isa = PBXGroup;
			children = (
				617E4FAC2120C56400C6057F /* CarRepairsViewController.swift */,
				617E4FAE2120C5B700C6057F /* CarRepairsViewModel.swift */,
			);
			path = CarRepairs;
			sourceTree = "<group>";
		};
		618ED109211E34CF00CD177E /* Resources */ = {
			isa = PBXGroup;
			children = (
				61DC0BA4211E33B600D28BDA /* Assets.xcassets */,
				618ED11A211E376600CD177E /* LaunchScreen.storyboard */,
				618ED10B211E350700CD177E /* Language */,
				618ED10C211E351000CD177E /* Supporting Files */,
			);
			path = Resources;
			sourceTree = "<group>";
		};
		618ED10A211E34F000CD177E /* Sources */ = {
			isa = PBXGroup;
			children = (
				61DC0B9D211E33B400D28BDA /* AppDelegate.swift */,
				618ED10D211E356400CD177E /* Features */,
				618ED10F211E357C00CD177E /* Network */,
				618ED110211E359400CD177E /* Shared */,
			);
			path = Sources;
			sourceTree = "<group>";
		};
		618ED10B211E350700CD177E /* Language */ = {
			isa = PBXGroup;
			children = (
				618ED115211E362400CD177E /* Localizable.strings */,
			);
			path = Language;
			sourceTree = "<group>";
		};
		618ED10C211E351000CD177E /* Supporting Files */ = {
			isa = PBXGroup;
			children = (
				615AD878211E3C03009EA364 /* .swiftlint.yml */,
				61DC0BA9211E33B600D28BDA /* Info.plist */,
			);
			path = "Supporting Files";
			sourceTree = "<group>";
		};
		618ED10D211E356400CD177E /* Features */ = {
			isa = PBXGroup;
			children = (
				6177A283211F85ED00F963C6 /* CarRepairs */,
				6177A284211F868700F963C6 /* CarRepairDetails */,
			);
			path = Features;
			sourceTree = "<group>";
		};
		618ED10F211E357C00CD177E /* Network */ = {
			isa = PBXGroup;
			children = (
				61BD1BC0211E58DE009BB88A /* NetworkService.swift */,
				61BD1BC2211E59ED009BB88A /* NetworkLogger.swift */,
			);
			path = Network;
			sourceTree = "<group>";
		};
		618ED110211E359400CD177E /* Shared */ = {
			isa = PBXGroup;
			children = (
				61BD1BC4211E5CBB009BB88A /* Extensions */,
				618ED117211E36A200CD177E /* Utils */,
			);
			path = Shared;
			sourceTree = "<group>";
		};
		618ED117211E36A200CD177E /* Utils */ = {
			isa = PBXGroup;
			children = (
				618ED118211E36AF00CD177E /* Constants.swift */,
			);
			path = Utils;
			sourceTree = "<group>";
		};
		61BD1BC4211E5CBB009BB88A /* Extensions */ = {
			isa = PBXGroup;
			children = (
				61BD1BC5211E5CDB009BB88A /* String+Localized.swift */,
				6197DB9C211EB92400237222 /* UIColor+Style.swift */,
			);
			path = Extensions;
			sourceTree = "<group>";
		};
		61BD1BC8211E8A18009BB88A /* Network */ = {
			isa = PBXGroup;
			children = (
				61BD1BC9211E8A37009BB88A /* NetworkTests.swift */,
			);
			path = Network;
			sourceTree = "<group>";
		};
		61DC0B91211E33B400D28BDA = {
			isa = PBXGroup;
			children = (
				61DC0B9C211E33B400D28BDA /* Youse-Auto */,
				61DC0BB1211E33B600D28BDA /* Youse-AutoTests */,
				61DC0BBC211E33B600D28BDA /* Youse-AutoUITests */,
				61DC0B9B211E33B400D28BDA /* Products */,
				AF8BED280A27DFFDDE9DAD93 /* Pods */,
				DD22DA3853AD7A7D6988FAE8 /* Frameworks */,
			);
			sourceTree = "<group>";
		};
		61DC0B9B211E33B400D28BDA /* Products */ = {
			isa = PBXGroup;
			children = (
				61DC0B9A211E33B400D28BDA /* Youse-Auto.app */,
				61DC0BAE211E33B600D28BDA /* Youse-AutoTests.xctest */,
				61DC0BB9211E33B600D28BDA /* Youse-AutoUITests.xctest */,
			);
			name = Products;
			sourceTree = "<group>";
		};
		61DC0B9C211E33B400D28BDA /* Youse-Auto */ = {
			isa = PBXGroup;
			children = (
				618ED109211E34CF00CD177E /* Resources */,
				618ED10A211E34F000CD177E /* Sources */,
			);
			path = "Youse-Auto";
			sourceTree = "<group>";
		};
		61DC0BB1211E33B600D28BDA /* Youse-AutoTests */ = {
			isa = PBXGroup;
			children = (
				61BD1BC8211E8A18009BB88A /* Network */,
				61DC0BB4211E33B600D28BDA /* Info.plist */,
			);
			path = "Youse-AutoTests";
			sourceTree = "<group>";
		};
		61DC0BBC211E33B600D28BDA /* Youse-AutoUITests */ = {
			isa = PBXGroup;
			children = (
				61DC0BBD211E33B600D28BDA /* Youse_AutoUITests.swift */,
				61DC0BBF211E33B600D28BDA /* Info.plist */,
			);
			path = "Youse-AutoUITests";
			sourceTree = "<group>";
		};
		AF8BED280A27DFFDDE9DAD93 /* Pods */ = {
			isa = PBXGroup;
			children = (
				2147981F7720647C873BDC72 /* Pods-Youse-Auto.debug.xcconfig */,
				4CD7E28A071A3478212FC18C /* Pods-Youse-Auto.release.xcconfig */,
				A004950F5C3D175A92626C0F /* Pods-Youse-AutoTests.debug.xcconfig */,
				42F3EE92F5A6DBB8D7EB4533 /* Pods-Youse-AutoTests.release.xcconfig */,
				2179B4A1CB3B0DCCB2E7DE0B /* Pods-Youse-AutoUITests.debug.xcconfig */,
				FAD03398922C8D07E2A222B3 /* Pods-Youse-AutoUITests.release.xcconfig */,
			);
			name = Pods;
			sourceTree = "<group>";
		};
		DD22DA3853AD7A7D6988FAE8 /* Frameworks */ = {
			isa = PBXGroup;
			children = (
				A7640DFC29928464D19C741C /* Pods_Youse_Auto.framework */,
				EB3BBF96427D0A5EA265D9B3 /* Pods_Youse_AutoTests.framework */,
				F0A4470C89C6AFCA2F90D069 /* Pods_Youse_AutoUITests.framework */,
			);
			name = Frameworks;
			sourceTree = "<group>";
		};
/* End PBXGroup section */

/* Begin PBXNativeTarget section */
		61DC0B99211E33B400D28BDA /* Youse-Auto */ = {
			isa = PBXNativeTarget;
			buildConfigurationList = 61DC0BC2211E33B600D28BDA /* Build configuration list for PBXNativeTarget "Youse-Auto" */;
			buildPhases = (
				D1DCEC591059C4536BA6370B /* [CP] Check Pods Manifest.lock */,
				61DC0B96211E33B400D28BDA /* Sources */,
				61DC0B97211E33B400D28BDA /* Frameworks */,
				61DC0B98211E33B400D28BDA /* Resources */,
				9339B37E38ED9752773435BA /* [CP] Embed Pods Frameworks */,
			);
			buildRules = (
			);
			dependencies = (
			);
			name = "Youse-Auto";
			productName = "Youse-Challenge";
			productReference = 61DC0B9A211E33B400D28BDA /* Youse-Auto.app */;
			productType = "com.apple.product-type.application";
		};
		61DC0BAD211E33B600D28BDA /* Youse-AutoTests */ = {
			isa = PBXNativeTarget;
			buildConfigurationList = 61DC0BC5211E33B600D28BDA /* Build configuration list for PBXNativeTarget "Youse-AutoTests" */;
			buildPhases = (
				122B0B4801581425E69DCA7E /* [CP] Check Pods Manifest.lock */,
				61DC0BAA211E33B600D28BDA /* Sources */,
				61DC0BAB211E33B600D28BDA /* Frameworks */,
				61DC0BAC211E33B600D28BDA /* Resources */,
			);
			buildRules = (
			);
			dependencies = (
				61DC0BB0211E33B600D28BDA /* PBXTargetDependency */,
			);
			name = "Youse-AutoTests";
			productName = "Youse-ChallengeTests";
			productReference = 61DC0BAE211E33B600D28BDA /* Youse-AutoTests.xctest */;
			productType = "com.apple.product-type.bundle.unit-test";
		};
		61DC0BB8211E33B600D28BDA /* Youse-AutoUITests */ = {
			isa = PBXNativeTarget;
			buildConfigurationList = 61DC0BC8211E33B600D28BDA /* Build configuration list for PBXNativeTarget "Youse-AutoUITests" */;
			buildPhases = (
				F07E0F74F29630C8AD520E86 /* [CP] Check Pods Manifest.lock */,
				61DC0BB5211E33B600D28BDA /* Sources */,
				61DC0BB6211E33B600D28BDA /* Frameworks */,
				61DC0BB7211E33B600D28BDA /* Resources */,
			);
			buildRules = (
			);
			dependencies = (
				61DC0BBB211E33B600D28BDA /* PBXTargetDependency */,
			);
			name = "Youse-AutoUITests";
			productName = "Youse-ChallengeUITests";
			productReference = 61DC0BB9211E33B600D28BDA /* Youse-AutoUITests.xctest */;
			productType = "com.apple.product-type.bundle.ui-testing";
		};
/* End PBXNativeTarget section */

/* Begin PBXProject section */
		61DC0B92211E33B400D28BDA /* Project object */ = {
			isa = PBXProject;
			attributes = {
				LastSwiftUpdateCheck = 0940;
				LastUpgradeCheck = 0940;
				ORGANIZATIONNAME = "Michael Douglas";
				TargetAttributes = {
					61DC0B99211E33B400D28BDA = {
						CreatedOnToolsVersion = 9.4.1;
					};
					61DC0BAD211E33B600D28BDA = {
						CreatedOnToolsVersion = 9.4.1;
						TestTargetID = 61DC0B99211E33B400D28BDA;
					};
					61DC0BB8211E33B600D28BDA = {
						CreatedOnToolsVersion = 9.4.1;
						TestTargetID = 61DC0B99211E33B400D28BDA;
					};
				};
			};
			buildConfigurationList = 61DC0B95211E33B400D28BDA /* Build configuration list for PBXProject "Youse-Auto" */;
			compatibilityVersion = "Xcode 9.3";
			developmentRegion = en;
			hasScannedForEncodings = 0;
			knownRegions = (
				en,
				"pt-BR",
			);
			mainGroup = 61DC0B91211E33B400D28BDA;
			productRefGroup = 61DC0B9B211E33B400D28BDA /* Products */;
			projectDirPath = "";
			projectRoot = "";
			targets = (
				61DC0B99211E33B400D28BDA /* Youse-Auto */,
				61DC0BAD211E33B600D28BDA /* Youse-AutoTests */,
				61DC0BB8211E33B600D28BDA /* Youse-AutoUITests */,
			);
		};
/* End PBXProject section */

/* Begin PBXResourcesBuildPhase section */
		61DC0B98211E33B400D28BDA /* Resources */ = {
			isa = PBXResourcesBuildPhase;
			buildActionMask = 2147483647;
			files = (
				615AD879211E3C03009EA364 /* .swiftlint.yml in Resources */,
				618ED11B211E376600CD177E /* LaunchScreen.storyboard in Resources */,
				617E4FA92120C49300C6057F /* CarRepairs.storyboard in Resources */,
				618ED113211E362400CD177E /* Localizable.strings in Resources */,
				61DC0BA5211E33B600D28BDA /* Assets.xcassets in Resources */,
			);
			runOnlyForDeploymentPostprocessing = 0;
		};
		61DC0BAC211E33B600D28BDA /* Resources */ = {
			isa = PBXResourcesBuildPhase;
			buildActionMask = 2147483647;
			files = (
			);
			runOnlyForDeploymentPostprocessing = 0;
		};
		61DC0BB7211E33B600D28BDA /* Resources */ = {
			isa = PBXResourcesBuildPhase;
			buildActionMask = 2147483647;
			files = (
			);
			runOnlyForDeploymentPostprocessing = 0;
		};
/* End PBXResourcesBuildPhase section */

/* Begin PBXShellScriptBuildPhase section */
		122B0B4801581425E69DCA7E /* [CP] Check Pods Manifest.lock */ = {
			isa = PBXShellScriptBuildPhase;
			buildActionMask = 2147483647;
			files = (
			);
			inputPaths = (
				"${PODS_PODFILE_DIR_PATH}/Podfile.lock",
				"${PODS_ROOT}/Manifest.lock",
			);
			name = "[CP] Check Pods Manifest.lock";
			outputPaths = (
				"$(DERIVED_FILE_DIR)/Pods-Youse-AutoTests-checkManifestLockResult.txt",
			);
			runOnlyForDeploymentPostprocessing = 0;
			shellPath = /bin/sh;
			shellScript = "diff \"${PODS_PODFILE_DIR_PATH}/Podfile.lock\" \"${PODS_ROOT}/Manifest.lock\" > /dev/null\nif [ $? != 0 ] ; then\n    # print error to STDERR\n    echo \"error: The sandbox is not in sync with the Podfile.lock. Run 'pod install' or update your CocoaPods installation.\" >&2\n    exit 1\nfi\n# This output is used by Xcode 'outputs' to avoid re-running this script phase.\necho \"SUCCESS\" > \"${SCRIPT_OUTPUT_FILE_0}\"\n";
			showEnvVarsInLog = 0;
		};
		9339B37E38ED9752773435BA /* [CP] Embed Pods Frameworks */ = {
			isa = PBXShellScriptBuildPhase;
			buildActionMask = 2147483647;
			files = (
			);
			inputPaths = (
				"${SRCROOT}/Pods/Target Support Files/Pods-Youse-Auto/Pods-Youse-Auto-frameworks.sh",
				"${BUILT_PRODUCTS_DIR}/Alamofire/Alamofire.framework",
				"${BUILT_PRODUCTS_DIR}/SwiftyJSON/SwiftyJSON.framework",
			);
			name = "[CP] Embed Pods Frameworks";
			outputPaths = (
				"${TARGET_BUILD_DIR}/${FRAMEWORKS_FOLDER_PATH}/Alamofire.framework",
				"${TARGET_BUILD_DIR}/${FRAMEWORKS_FOLDER_PATH}/SwiftyJSON.framework",
			);
			runOnlyForDeploymentPostprocessing = 0;
			shellPath = /bin/sh;
			shellScript = "\"${SRCROOT}/Pods/Target Support Files/Pods-Youse-Auto/Pods-Youse-Auto-frameworks.sh\"\n";
			showEnvVarsInLog = 0;
		};
		D1DCEC591059C4536BA6370B /* [CP] Check Pods Manifest.lock */ = {
			isa = PBXShellScriptBuildPhase;
			buildActionMask = 2147483647;
			files = (
			);
			inputPaths = (
				"${PODS_PODFILE_DIR_PATH}/Podfile.lock",
				"${PODS_ROOT}/Manifest.lock",
			);
			name = "[CP] Check Pods Manifest.lock";
			outputPaths = (
				"$(DERIVED_FILE_DIR)/Pods-Youse-Auto-checkManifestLockResult.txt",
			);
			runOnlyForDeploymentPostprocessing = 0;
			shellPath = /bin/sh;
			shellScript = "diff \"${PODS_PODFILE_DIR_PATH}/Podfile.lock\" \"${PODS_ROOT}/Manifest.lock\" > /dev/null\nif [ $? != 0 ] ; then\n    # print error to STDERR\n    echo \"error: The sandbox is not in sync with the Podfile.lock. Run 'pod install' or update your CocoaPods installation.\" >&2\n    exit 1\nfi\n# This output is used by Xcode 'outputs' to avoid re-running this script phase.\necho \"SUCCESS\" > \"${SCRIPT_OUTPUT_FILE_0}\"\n";
			showEnvVarsInLog = 0;
		};
		F07E0F74F29630C8AD520E86 /* [CP] Check Pods Manifest.lock */ = {
			isa = PBXShellScriptBuildPhase;
			buildActionMask = 2147483647;
			files = (
			);
			inputPaths = (
				"${PODS_PODFILE_DIR_PATH}/Podfile.lock",
				"${PODS_ROOT}/Manifest.lock",
			);
			name = "[CP] Check Pods Manifest.lock";
			outputPaths = (
				"$(DERIVED_FILE_DIR)/Pods-Youse-AutoUITests-checkManifestLockResult.txt",
			);
			runOnlyForDeploymentPostprocessing = 0;
			shellPath = /bin/sh;
			shellScript = "diff \"${PODS_PODFILE_DIR_PATH}/Podfile.lock\" \"${PODS_ROOT}/Manifest.lock\" > /dev/null\nif [ $? != 0 ] ; then\n    # print error to STDERR\n    echo \"error: The sandbox is not in sync with the Podfile.lock. Run 'pod install' or update your CocoaPods installation.\" >&2\n    exit 1\nfi\n# This output is used by Xcode 'outputs' to avoid re-running this script phase.\necho \"SUCCESS\" > \"${SCRIPT_OUTPUT_FILE_0}\"\n";
			showEnvVarsInLog = 0;
		};
/* End PBXShellScriptBuildPhase section */

/* Begin PBXSourcesBuildPhase section */
		61DC0B96211E33B400D28BDA /* Sources */ = {
			isa = PBXSourcesBuildPhase;
			buildActionMask = 2147483647;
			files = (
				61BD1BC6211E5CDB009BB88A /* String+Localized.swift in Sources */,
				61BD1BC3211E59ED009BB88A /* NetworkLogger.swift in Sources */,
				617E4FB12120C77C00C6057F /* CarRepairsProvider.swift in Sources */,
				61DC0B9E211E33B400D28BDA /* AppDelegate.swift in Sources */,
				617E4FAD2120C56400C6057F /* CarRepairsViewController.swift in Sources */,
				61B8830B21211DB300B6A5B7 /* CarRepair.swift in Sources */,
				617E4FAF2120C5B700C6057F /* CarRepairsViewModel.swift in Sources */,
				61B8830D21212BCE00B6A5B7 /* Photo.swift in Sources */,
				6197DB9D211EB92400237222 /* UIColor+Style.swift in Sources */,
				61BD1BC1211E58DE009BB88A /* NetworkService.swift in Sources */,
				618ED119211E36AF00CD177E /* Constants.swift in Sources */,
			);
			runOnlyForDeploymentPostprocessing = 0;
		};
		61DC0BAA211E33B600D28BDA /* Sources */ = {
			isa = PBXSourcesBuildPhase;
			buildActionMask = 2147483647;
			files = (
				61BD1BCA211E8A37009BB88A /* NetworkTests.swift in Sources */,
			);
			runOnlyForDeploymentPostprocessing = 0;
		};
		61DC0BB5211E33B600D28BDA /* Sources */ = {
			isa = PBXSourcesBuildPhase;
			buildActionMask = 2147483647;
			files = (
				61DC0BBE211E33B600D28BDA /* Youse_AutoUITests.swift in Sources */,
			);
			runOnlyForDeploymentPostprocessing = 0;
		};
/* End PBXSourcesBuildPhase section */

/* Begin PBXTargetDependency section */
		61DC0BB0211E33B600D28BDA /* PBXTargetDependency */ = {
			isa = PBXTargetDependency;
			target = 61DC0B99211E33B400D28BDA /* Youse-Auto */;
			targetProxy = 61DC0BAF211E33B600D28BDA /* PBXContainerItemProxy */;
		};
		61DC0BBB211E33B600D28BDA /* PBXTargetDependency */ = {
			isa = PBXTargetDependency;
			target = 61DC0B99211E33B400D28BDA /* Youse-Auto */;
			targetProxy = 61DC0BBA211E33B600D28BDA /* PBXContainerItemProxy */;
		};
/* End PBXTargetDependency section */

/* Begin PBXVariantGroup section */
		618ED115211E362400CD177E /* Localizable.strings */ = {
			isa = PBXVariantGroup;
			children = (
				618ED114211E362400CD177E /* en */,
				618ED116211E364000CD177E /* pt-BR */,
			);
			name = Localizable.strings;
			sourceTree = "<group>";
		};
/* End PBXVariantGroup section */

/* Begin XCBuildConfiguration section */
		61DC0BC0211E33B600D28BDA /* Debug */ = {
			isa = XCBuildConfiguration;
			buildSettings = {
				ALWAYS_SEARCH_USER_PATHS = NO;
				CLANG_ANALYZER_LOCALIZABILITY_NONLOCALIZED = YES;
				CLANG_ANALYZER_NONNULL = YES;
				CLANG_ANALYZER_NUMBER_OBJECT_CONVERSION = YES_AGGRESSIVE;
				CLANG_CXX_LANGUAGE_STANDARD = "gnu++14";
				CLANG_CXX_LIBRARY = "libc++";
				CLANG_ENABLE_MODULES = YES;
				CLANG_ENABLE_OBJC_ARC = YES;
				CLANG_ENABLE_OBJC_WEAK = YES;
				CLANG_WARN_BLOCK_CAPTURE_AUTORELEASING = YES;
				CLANG_WARN_BOOL_CONVERSION = YES;
				CLANG_WARN_COMMA = YES;
				CLANG_WARN_CONSTANT_CONVERSION = YES;
				CLANG_WARN_DEPRECATED_OBJC_IMPLEMENTATIONS = YES;
				CLANG_WARN_DIRECT_OBJC_ISA_USAGE = YES_ERROR;
				CLANG_WARN_DOCUMENTATION_COMMENTS = YES;
				CLANG_WARN_EMPTY_BODY = YES;
				CLANG_WARN_ENUM_CONVERSION = YES;
				CLANG_WARN_INFINITE_RECURSION = YES;
				CLANG_WARN_INT_CONVERSION = YES;
				CLANG_WARN_NON_LITERAL_NULL_CONVERSION = YES;
				CLANG_WARN_OBJC_IMPLICIT_RETAIN_SELF = YES;
				CLANG_WARN_OBJC_LITERAL_CONVERSION = YES;
				CLANG_WARN_OBJC_ROOT_CLASS = YES_ERROR;
				CLANG_WARN_RANGE_LOOP_ANALYSIS = YES;
				CLANG_WARN_STRICT_PROTOTYPES = YES;
				CLANG_WARN_SUSPICIOUS_MOVE = YES;
				CLANG_WARN_UNGUARDED_AVAILABILITY = YES_AGGRESSIVE;
				CLANG_WARN_UNREACHABLE_CODE = YES;
				CLANG_WARN__DUPLICATE_METHOD_MATCH = YES;
				CODE_SIGN_IDENTITY = "iPhone Developer";
				COPY_PHASE_STRIP = NO;
				DEBUG_INFORMATION_FORMAT = dwarf;
				ENABLE_STRICT_OBJC_MSGSEND = YES;
				ENABLE_TESTABILITY = YES;
				GCC_C_LANGUAGE_STANDARD = gnu11;
				GCC_DYNAMIC_NO_PIC = NO;
				GCC_NO_COMMON_BLOCKS = YES;
				GCC_OPTIMIZATION_LEVEL = 0;
				GCC_PREPROCESSOR_DEFINITIONS = (
					"DEBUG=1",
					"$(inherited)",
				);
				GCC_WARN_64_TO_32_BIT_CONVERSION = YES;
				GCC_WARN_ABOUT_RETURN_TYPE = YES_ERROR;
				GCC_WARN_UNDECLARED_SELECTOR = YES;
				GCC_WARN_UNINITIALIZED_AUTOS = YES_AGGRESSIVE;
				GCC_WARN_UNUSED_FUNCTION = YES;
				GCC_WARN_UNUSED_VARIABLE = YES;
				IPHONEOS_DEPLOYMENT_TARGET = 11.4;
				MTL_ENABLE_DEBUG_INFO = YES;
				ONLY_ACTIVE_ARCH = YES;
				SDKROOT = iphoneos;
				SWIFT_ACTIVE_COMPILATION_CONDITIONS = DEBUG;
				SWIFT_OPTIMIZATION_LEVEL = "-Onone";
			};
			name = Debug;
		};
		61DC0BC1211E33B600D28BDA /* Release */ = {
			isa = XCBuildConfiguration;
			buildSettings = {
				ALWAYS_SEARCH_USER_PATHS = NO;
				CLANG_ANALYZER_LOCALIZABILITY_NONLOCALIZED = YES;
				CLANG_ANALYZER_NONNULL = YES;
				CLANG_ANALYZER_NUMBER_OBJECT_CONVERSION = YES_AGGRESSIVE;
				CLANG_CXX_LANGUAGE_STANDARD = "gnu++14";
				CLANG_CXX_LIBRARY = "libc++";
				CLANG_ENABLE_MODULES = YES;
				CLANG_ENABLE_OBJC_ARC = YES;
				CLANG_ENABLE_OBJC_WEAK = YES;
				CLANG_WARN_BLOCK_CAPTURE_AUTORELEASING = YES;
				CLANG_WARN_BOOL_CONVERSION = YES;
				CLANG_WARN_COMMA = YES;
				CLANG_WARN_CONSTANT_CONVERSION = YES;
				CLANG_WARN_DEPRECATED_OBJC_IMPLEMENTATIONS = YES;
				CLANG_WARN_DIRECT_OBJC_ISA_USAGE = YES_ERROR;
				CLANG_WARN_DOCUMENTATION_COMMENTS = YES;
				CLANG_WARN_EMPTY_BODY = YES;
				CLANG_WARN_ENUM_CONVERSION = YES;
				CLANG_WARN_INFINITE_RECURSION = YES;
				CLANG_WARN_INT_CONVERSION = YES;
				CLANG_WARN_NON_LITERAL_NULL_CONVERSION = YES;
				CLANG_WARN_OBJC_IMPLICIT_RETAIN_SELF = YES;
				CLANG_WARN_OBJC_LITERAL_CONVERSION = YES;
				CLANG_WARN_OBJC_ROOT_CLASS = YES_ERROR;
				CLANG_WARN_RANGE_LOOP_ANALYSIS = YES;
				CLANG_WARN_STRICT_PROTOTYPES = YES;
				CLANG_WARN_SUSPICIOUS_MOVE = YES;
				CLANG_WARN_UNGUARDED_AVAILABILITY = YES_AGGRESSIVE;
				CLANG_WARN_UNREACHABLE_CODE = YES;
				CLANG_WARN__DUPLICATE_METHOD_MATCH = YES;
				CODE_SIGN_IDENTITY = "iPhone Developer";
				COPY_PHASE_STRIP = NO;
				DEBUG_INFORMATION_FORMAT = "dwarf-with-dsym";
				ENABLE_NS_ASSERTIONS = NO;
				ENABLE_STRICT_OBJC_MSGSEND = YES;
				GCC_C_LANGUAGE_STANDARD = gnu11;
				GCC_NO_COMMON_BLOCKS = YES;
				GCC_WARN_64_TO_32_BIT_CONVERSION = YES;
				GCC_WARN_ABOUT_RETURN_TYPE = YES_ERROR;
				GCC_WARN_UNDECLARED_SELECTOR = YES;
				GCC_WARN_UNINITIALIZED_AUTOS = YES_AGGRESSIVE;
				GCC_WARN_UNUSED_FUNCTION = YES;
				GCC_WARN_UNUSED_VARIABLE = YES;
				IPHONEOS_DEPLOYMENT_TARGET = 11.4;
				MTL_ENABLE_DEBUG_INFO = NO;
				SDKROOT = iphoneos;
				SWIFT_COMPILATION_MODE = wholemodule;
				SWIFT_OPTIMIZATION_LEVEL = "-O";
				VALIDATE_PRODUCT = YES;
			};
			name = Release;
		};
		61DC0BC3211E33B600D28BDA /* Debug */ = {
			isa = XCBuildConfiguration;
			baseConfigurationReference = 2147981F7720647C873BDC72 /* Pods-Youse-Auto.debug.xcconfig */;
			buildSettings = {
				ASSETCATALOG_COMPILER_APPICON_NAME = AppIcon;
				CODE_SIGN_STYLE = Automatic;
				DEVELOPMENT_TEAM = 4Q582659G6;
				INFOPLIST_FILE = "$(SRCROOT)/Youse-Auto/Resources/Supporting Files/Info.plist";
				LD_RUNPATH_SEARCH_PATHS = (
					"$(inherited)",
					"@executable_path/Frameworks",
				);
				PRODUCT_BUNDLE_IDENTIFIER = "br.com.michaeldouglas.Youse-Auto";
				PRODUCT_NAME = "$(TARGET_NAME)";
				SWIFT_VERSION = 4.0;
				TARGETED_DEVICE_FAMILY = 1;
			};
			name = Debug;
		};
		61DC0BC4211E33B600D28BDA /* Release */ = {
			isa = XCBuildConfiguration;
			baseConfigurationReference = 4CD7E28A071A3478212FC18C /* Pods-Youse-Auto.release.xcconfig */;
			buildSettings = {
				ASSETCATALOG_COMPILER_APPICON_NAME = AppIcon;
				CODE_SIGN_STYLE = Automatic;
				DEVELOPMENT_TEAM = 4Q582659G6;
				INFOPLIST_FILE = "$(SRCROOT)/Youse-Auto/Resources/Supporting Files/Info.plist";
				LD_RUNPATH_SEARCH_PATHS = (
					"$(inherited)",
					"@executable_path/Frameworks",
				);
				PRODUCT_BUNDLE_IDENTIFIER = "br.com.michaeldouglas.Youse-Auto";
				PRODUCT_NAME = "$(TARGET_NAME)";
				SWIFT_VERSION = 4.0;
				TARGETED_DEVICE_FAMILY = 1;
			};
			name = Release;
		};
		61DC0BC6211E33B600D28BDA /* Debug */ = {
			isa = XCBuildConfiguration;
			baseConfigurationReference = A004950F5C3D175A92626C0F /* Pods-Youse-AutoTests.debug.xcconfig */;
			buildSettings = {
				ALWAYS_EMBED_SWIFT_STANDARD_LIBRARIES = YES;
				BUNDLE_LOADER = "$(TEST_HOST)";
				CODE_SIGN_STYLE = Automatic;
				DEVELOPMENT_TEAM = 4Q582659G6;
				INFOPLIST_FILE = "Youse-AutoTests/Info.plist";
				LD_RUNPATH_SEARCH_PATHS = (
					"$(inherited)",
					"@executable_path/Frameworks",
					"@loader_path/Frameworks",
				);
				PRODUCT_BUNDLE_IDENTIFIER = "br.com.michaeldouglas.Youse-AutoTests";
				PRODUCT_NAME = "$(TARGET_NAME)";
				SWIFT_VERSION = 4.0;
				TARGETED_DEVICE_FAMILY = "1,2";
				TEST_HOST = "$(BUILT_PRODUCTS_DIR)/Youse-Auto.app/Youse-Auto";
			};
			name = Debug;
		};
		61DC0BC7211E33B600D28BDA /* Release */ = {
			isa = XCBuildConfiguration;
			baseConfigurationReference = 42F3EE92F5A6DBB8D7EB4533 /* Pods-Youse-AutoTests.release.xcconfig */;
			buildSettings = {
				ALWAYS_EMBED_SWIFT_STANDARD_LIBRARIES = YES;
				BUNDLE_LOADER = "$(TEST_HOST)";
				CODE_SIGN_STYLE = Automatic;
				DEVELOPMENT_TEAM = 4Q582659G6;
				INFOPLIST_FILE = "Youse-AutoTests/Info.plist";
				LD_RUNPATH_SEARCH_PATHS = (
					"$(inherited)",
					"@executable_path/Frameworks",
					"@loader_path/Frameworks",
				);
				PRODUCT_BUNDLE_IDENTIFIER = "br.com.michaeldouglas.Youse-AutoTests";
				PRODUCT_NAME = "$(TARGET_NAME)";
				SWIFT_VERSION = 4.0;
				TARGETED_DEVICE_FAMILY = "1,2";
				TEST_HOST = "$(BUILT_PRODUCTS_DIR)/Youse-Auto.app/Youse-Auto";
			};
			name = Release;
		};
		61DC0BC9211E33B600D28BDA /* Debug */ = {
			isa = XCBuildConfiguration;
			baseConfigurationReference = 2179B4A1CB3B0DCCB2E7DE0B /* Pods-Youse-AutoUITests.debug.xcconfig */;
			buildSettings = {
				ALWAYS_EMBED_SWIFT_STANDARD_LIBRARIES = YES;
				CODE_SIGN_STYLE = Automatic;
				DEVELOPMENT_TEAM = 4Q582659G6;
				INFOPLIST_FILE = "Youse-AutoUITests/Info.plist";
				LD_RUNPATH_SEARCH_PATHS = (
					"$(inherited)",
					"@executable_path/Frameworks",
					"@loader_path/Frameworks",
				);
				PRODUCT_BUNDLE_IDENTIFIER = "br.com.michaeldouglas.Youse-AutoUITests";
				PRODUCT_NAME = "$(TARGET_NAME)";
				SWIFT_VERSION = 4.0;
				TARGETED_DEVICE_FAMILY = "1,2";
				TEST_TARGET_NAME = "Youse-Auto";
			};
			name = Debug;
		};
		61DC0BCA211E33B600D28BDA /* Release */ = {
			isa = XCBuildConfiguration;
			baseConfigurationReference = FAD03398922C8D07E2A222B3 /* Pods-Youse-AutoUITests.release.xcconfig */;
			buildSettings = {
				ALWAYS_EMBED_SWIFT_STANDARD_LIBRARIES = YES;
				CODE_SIGN_STYLE = Automatic;
				DEVELOPMENT_TEAM = 4Q582659G6;
				INFOPLIST_FILE = "Youse-AutoUITests/Info.plist";
				LD_RUNPATH_SEARCH_PATHS = (
					"$(inherited)",
					"@executable_path/Frameworks",
					"@loader_path/Frameworks",
				);
				PRODUCT_BUNDLE_IDENTIFIER = "br.com.michaeldouglas.Youse-AutoUITests";
				PRODUCT_NAME = "$(TARGET_NAME)";
				SWIFT_VERSION = 4.0;
				TARGETED_DEVICE_FAMILY = "1,2";
				TEST_TARGET_NAME = "Youse-Auto";
			};
			name = Release;
		};
/* End XCBuildConfiguration section */

/* Begin XCConfigurationList section */
		61DC0B95211E33B400D28BDA /* Build configuration list for PBXProject "Youse-Auto" */ = {
			isa = XCConfigurationList;
			buildConfigurations = (
				61DC0BC0211E33B600D28BDA /* Debug */,
				61DC0BC1211E33B600D28BDA /* Release */,
			);
			defaultConfigurationIsVisible = 0;
			defaultConfigurationName = Release;
		};
		61DC0BC2211E33B600D28BDA /* Build configuration list for PBXNativeTarget "Youse-Auto" */ = {
			isa = XCConfigurationList;
			buildConfigurations = (
				61DC0BC3211E33B600D28BDA /* Debug */,
				61DC0BC4211E33B600D28BDA /* Release */,
			);
			defaultConfigurationIsVisible = 0;
			defaultConfigurationName = Release;
		};
		61DC0BC5211E33B600D28BDA /* Build configuration list for PBXNativeTarget "Youse-AutoTests" */ = {
			isa = XCConfigurationList;
			buildConfigurations = (
				61DC0BC6211E33B600D28BDA /* Debug */,
				61DC0BC7211E33B600D28BDA /* Release */,
			);
			defaultConfigurationIsVisible = 0;
			defaultConfigurationName = Release;
		};
		61DC0BC8211E33B600D28BDA /* Build configuration list for PBXNativeTarget "Youse-AutoUITests" */ = {
			isa = XCConfigurationList;
			buildConfigurations = (
				61DC0BC9211E33B600D28BDA /* Debug */,
				61DC0BCA211E33B600D28BDA /* Release */,
			);
			defaultConfigurationIsVisible = 0;
			defaultConfigurationName = Release;
		};
/* End XCConfigurationList section */
	};
	rootObject = 61DC0B92211E33B400D28BDA /* Project object */;
}
