// !$*UTF8*$!
{
	archiveVersion = 1;
	classes = {
	};
	objectVersion = 50;
	objects = {

/* Begin PBXBuildFile section */
		1247E0EBE0DC4AF02005FF16 /* Pods_Youse_AutoTests.framework in Frameworks */ = {isa = PBXBuildFile; fileRef = 1CFC6F014EE2B1CA78EEBB2A /* Pods_Youse_AutoTests.framework */; };
		61040077212364E800BCE794 /* PlaceholderView.swift in Sources */ = {isa = PBXBuildFile; fileRef = 61040076212364E800BCE794 /* PlaceholderView.swift */; };
		61040079212364F300BCE794 /* PlaceholderView.xib in Resources */ = {isa = PBXBuildFile; fileRef = 61040078212364F300BCE794 /* PlaceholderView.xib */; };
		6104007D2123813900BCE794 /* UITableView+Placeholder.swift in Sources */ = {isa = PBXBuildFile; fileRef = 6104007C2123813900BCE794 /* UITableView+Placeholder.swift */; };
		6104007F212381C300BCE794 /* PlaceholderViewModel.swift in Sources */ = {isa = PBXBuildFile; fileRef = 6104007E212381C300BCE794 /* PlaceholderViewModel.swift */; };
		610400812123939100BCE794 /* UIViewController+Utils.swift in Sources */ = {isa = PBXBuildFile; fileRef = 610400802123939100BCE794 /* UIViewController+Utils.swift */; };
		61079BEA2123C32F00BEC583 /* CarRepairDetails.storyboard in Resources */ = {isa = PBXBuildFile; fileRef = 61079BE92123C32F00BEC583 /* CarRepairDetails.storyboard */; };
		61079BEC2123C7CD00BEC583 /* CarRepairDetailsViewController.swift in Sources */ = {isa = PBXBuildFile; fileRef = 61079BEB2123C7CD00BEC583 /* CarRepairDetailsViewController.swift */; };
		61079BEE2123C7DB00BEC583 /* CarRepairDetailsViewModel.swift in Sources */ = {isa = PBXBuildFile; fileRef = 61079BED2123C7DB00BEC583 /* CarRepairDetailsViewModel.swift */; };
		610B8DC32122B95000491CF7 /* StarFillMode.swift in Sources */ = {isa = PBXBuildFile; fileRef = 610B8DB32122B95000491CF7 /* StarFillMode.swift */; };
		610B8DC42122B95000491CF7 /* StarLayer.swift in Sources */ = {isa = PBXBuildFile; fileRef = 610B8DB42122B95000491CF7 /* StarLayer.swift */; };
		610B8DC72122B95000491CF7 /* CosmosDefaultSettings.swift in Sources */ = {isa = PBXBuildFile; fileRef = 610B8DB72122B95000491CF7 /* CosmosDefaultSettings.swift */; };
		610B8DC82122B95000491CF7 /* CosmosSize.swift in Sources */ = {isa = PBXBuildFile; fileRef = 610B8DB82122B95000491CF7 /* CosmosSize.swift */; };
		610B8DC92122B95000491CF7 /* CosmosLayers.swift in Sources */ = {isa = PBXBuildFile; fileRef = 610B8DB92122B95000491CF7 /* CosmosLayers.swift */; };
		610B8DCD2122B95000491CF7 /* CosmosRating.swift in Sources */ = {isa = PBXBuildFile; fileRef = 610B8DBD2122B95000491CF7 /* CosmosRating.swift */; };
		610B8DCE2122B95000491CF7 /* CosmosSettings.swift in Sources */ = {isa = PBXBuildFile; fileRef = 610B8DBE2122B95000491CF7 /* CosmosSettings.swift */; };
		610B8DD02122B95000491CF7 /* RightToLeft.swift in Sources */ = {isa = PBXBuildFile; fileRef = 610B8DC12122B95000491CF7 /* RightToLeft.swift */; };
		610B8DD12122B95000491CF7 /* CosmosView.swift in Sources */ = {isa = PBXBuildFile; fileRef = 610B8DC22122B95000491CF7 /* CosmosView.swift */; };
		610B8DD321233E8600491CF7 /* UIViewController+Alert.swift in Sources */ = {isa = PBXBuildFile; fileRef = 610B8DD221233E8600491CF7 /* UIViewController+Alert.swift */; };
		6112AAFE21248726000AE094 /* UIApplication+Utils.swift in Sources */ = {isa = PBXBuildFile; fileRef = 6112AAFD21248726000AE094 /* UIApplication+Utils.swift */; };
		61203D342126089200928F1A /* ReviewCell.swift in Sources */ = {isa = PBXBuildFile; fileRef = 61203D332126089200928F1A /* ReviewCell.swift */; };
		61203D36212608A200928F1A /* ReviewCellViewModel.swift in Sources */ = {isa = PBXBuildFile; fileRef = 61203D35212608A200928F1A /* ReviewCellViewModel.swift */; };
		61211BE821261D9000DBEB9D /* Location.storyboard in Resources */ = {isa = PBXBuildFile; fileRef = 61211BE721261D9000DBEB9D /* Location.storyboard */; };
		61211BEC21261E2500DBEB9D /* LocationViewController.swift in Sources */ = {isa = PBXBuildFile; fileRef = 61211BEB21261E2500DBEB9D /* LocationViewController.swift */; };
		61211BEE21261E6B00DBEB9D /* LocationViewModel.swift in Sources */ = {isa = PBXBuildFile; fileRef = 61211BED21261E6B00DBEB9D /* LocationViewModel.swift */; };
		61211BF82126219700DBEB9D /* LocationService.swift in Sources */ = {isa = PBXBuildFile; fileRef = 61211BF72126219700DBEB9D /* LocationService.swift */; };
		6155CD6921220E9D003306FA /* CustomView.swift in Sources */ = {isa = PBXBuildFile; fileRef = 6155CD6821220E9D003306FA /* CustomView.swift */; };
		6155CD6C21222AC3003306FA /* CarRepairCell.swift in Sources */ = {isa = PBXBuildFile; fileRef = 6155CD6B21222AC3003306FA /* CarRepairCell.swift */; };
		6155CD6E21222AF7003306FA /* CarRepairCellViewModel.swift in Sources */ = {isa = PBXBuildFile; fileRef = 6155CD6D21222AF7003306FA /* CarRepairCellViewModel.swift */; };
		6155CD70212230E0003306FA /* UIImageView+Service.swift in Sources */ = {isa = PBXBuildFile; fileRef = 6155CD6F212230E0003306FA /* UIImageView+Service.swift */; };
		6157B0F72124938A0082A78C /* CarRepairDetailsProvider.swift in Sources */ = {isa = PBXBuildFile; fileRef = 6157B0F62124938A0082A78C /* CarRepairDetailsProvider.swift */; };
		6157B0F921249F270082A78C /* CarRepairDetails.swift in Sources */ = {isa = PBXBuildFile; fileRef = 6157B0F821249F270082A78C /* CarRepairDetails.swift */; };
		6157B0FD2124B04F0082A78C /* Location.swift in Sources */ = {isa = PBXBuildFile; fileRef = 6157B0FC2124B04F0082A78C /* Location.swift */; };
		6157B0FF2124B2C30082A78C /* Review.swift in Sources */ = {isa = PBXBuildFile; fileRef = 6157B0FE2124B2C30082A78C /* Review.swift */; };
		6157B1022124C1890082A78C /* CarRepairDetailsCellProtocol.swift in Sources */ = {isa = PBXBuildFile; fileRef = 6157B1012124C1890082A78C /* CarRepairDetailsCellProtocol.swift */; };
		6157B1052124ED0D0082A78C /* GalleryCell.swift in Sources */ = {isa = PBXBuildFile; fileRef = 6157B1042124ED0D0082A78C /* GalleryCell.swift */; };
		6157B1072124ED1B0082A78C /* GalleryCellViewModel.swift in Sources */ = {isa = PBXBuildFile; fileRef = 6157B1062124ED1B0082A78C /* GalleryCellViewModel.swift */; };
		6157B10A2124F8B30082A78C /* GalleryCollectionCell.swift in Sources */ = {isa = PBXBuildFile; fileRef = 6157B1092124F8B30082A78C /* GalleryCollectionCell.swift */; };
		6157B10C2124F8FD0082A78C /* GalleryCollectionCellViewModel.swift in Sources */ = {isa = PBXBuildFile; fileRef = 6157B10B2124F8FD0082A78C /* GalleryCollectionCellViewModel.swift */; };
		6157B10F21253FC50082A78C /* DetailsCell.swift in Sources */ = {isa = PBXBuildFile; fileRef = 6157B10E21253FC50082A78C /* DetailsCell.swift */; };
		6157B11121253FE80082A78C /* DetailsCellViewModel.swift in Sources */ = {isa = PBXBuildFile; fileRef = 6157B11021253FE80082A78C /* DetailsCellViewModel.swift */; };
		6157B1132125467A0082A78C /* CustomButton.swift in Sources */ = {isa = PBXBuildFile; fileRef = 6157B1122125467A0082A78C /* CustomButton.swift */; };
		615AD879211E3C03009EA364 /* .swiftlint.yml in Resources */ = {isa = PBXBuildFile; fileRef = 615AD878211E3C03009EA364 /* .swiftlint.yml */; };
		615FEF042125D83600465FB3 /* DirectionsService.swift in Sources */ = {isa = PBXBuildFile; fileRef = 615FEF032125D83600465FB3 /* DirectionsService.swift */; };
		616F9B712126751600883648 /* CLLocationDistance+String.swift in Sources */ = {isa = PBXBuildFile; fileRef = 616F9B702126751600883648 /* CLLocationDistance+String.swift */; };
		617ABB2B21220364001B6D73 /* Assets.xcassets in Resources */ = {isa = PBXBuildFile; fileRef = 617ABB2A21220364001B6D73 /* Assets.xcassets */; };
		617E4FA92120C49300C6057F /* CarRepairs.storyboard in Resources */ = {isa = PBXBuildFile; fileRef = 617E4FA82120C49300C6057F /* CarRepairs.storyboard */; };
		617E4FAD2120C56400C6057F /* CarRepairsViewController.swift in Sources */ = {isa = PBXBuildFile; fileRef = 617E4FAC2120C56400C6057F /* CarRepairsViewController.swift */; };
		617E4FAF2120C5B700C6057F /* CarRepairsViewModel.swift in Sources */ = {isa = PBXBuildFile; fileRef = 617E4FAE2120C5B700C6057F /* CarRepairsViewModel.swift */; };
		617E4FB12120C77C00C6057F /* CarRepairsProvider.swift in Sources */ = {isa = PBXBuildFile; fileRef = 617E4FB02120C77C00C6057F /* CarRepairsProvider.swift */; };
		618ED113211E362400CD177E /* Localizable.strings in Resources */ = {isa = PBXBuildFile; fileRef = 618ED115211E362400CD177E /* Localizable.strings */; };
		618ED11B211E376600CD177E /* LaunchScreen.storyboard in Resources */ = {isa = PBXBuildFile; fileRef = 618ED11A211E376600CD177E /* LaunchScreen.storyboard */; };
		6197DB9D211EB92400237222 /* UIColor+Style.swift in Sources */ = {isa = PBXBuildFile; fileRef = 6197DB9C211EB92400237222 /* UIColor+Style.swift */; };
		61A83EFB2125E3710096EA6C /* PhoneService.swift in Sources */ = {isa = PBXBuildFile; fileRef = 61A83EFA2125E3710096EA6C /* PhoneService.swift */; };
		61A83EFE2125ED0D0096EA6C /* ContactInfoCell.swift in Sources */ = {isa = PBXBuildFile; fileRef = 61A83EFD2125ED0D0096EA6C /* ContactInfoCell.swift */; };
		61A83F002125ED190096EA6C /* ContactInfoCellViewModel.swift in Sources */ = {isa = PBXBuildFile; fileRef = 61A83EFF2125ED190096EA6C /* ContactInfoCellViewModel.swift */; };
		61B8830B21211DB300B6A5B7 /* CarRepair.swift in Sources */ = {isa = PBXBuildFile; fileRef = 61B8830A21211DB300B6A5B7 /* CarRepair.swift */; };
		61B8830D21212BCE00B6A5B7 /* Photo.swift in Sources */ = {isa = PBXBuildFile; fileRef = 61B8830C21212BCE00B6A5B7 /* Photo.swift */; };
		61B8830F2121377D00B6A5B7 /* Double+Utils.swift in Sources */ = {isa = PBXBuildFile; fileRef = 61B8830E2121377D00B6A5B7 /* Double+Utils.swift */; };
		61BD1BC1211E58DE009BB88A /* NetworkService.swift in Sources */ = {isa = PBXBuildFile; fileRef = 61BD1BC0211E58DE009BB88A /* NetworkService.swift */; };
		61BD1BC3211E59ED009BB88A /* NetworkLogger.swift in Sources */ = {isa = PBXBuildFile; fileRef = 61BD1BC2211E59ED009BB88A /* NetworkLogger.swift */; };
		61BD1BC6211E5CDB009BB88A /* String+Localized.swift in Sources */ = {isa = PBXBuildFile; fileRef = 61BD1BC5211E5CDB009BB88A /* String+Localized.swift */; };
		61BD1BCA211E8A37009BB88A /* NetworkTests.swift in Sources */ = {isa = PBXBuildFile; fileRef = 61BD1BC9211E8A37009BB88A /* NetworkTests.swift */; };
		61DC0B9E211E33B400D28BDA /* AppDelegate.swift in Sources */ = {isa = PBXBuildFile; fileRef = 61DC0B9D211E33B400D28BDA /* AppDelegate.swift */; };
		61DC0BBE211E33B600D28BDA /* Youse_AutoUITests.swift in Sources */ = {isa = PBXBuildFile; fileRef = 61DC0BBD211E33B600D28BDA /* Youse_AutoUITests.swift */; };
		61F07477212255980010D900 /* UIImage+Style.swift in Sources */ = {isa = PBXBuildFile; fileRef = 61F07476212255980010D900 /* UIImage+Style.swift */; };
		61F074792122923C0010D900 /* UIViewController+Loading.swift in Sources */ = {isa = PBXBuildFile; fileRef = 61F074782122923C0010D900 /* UIViewController+Loading.swift */; };
		7B06B228789D1BF97E56C4F5 /* Pods_Youse_Auto.framework in Frameworks */ = {isa = PBXBuildFile; fileRef = E626A9ED2A66EA4DA561F67E /* Pods_Youse_Auto.framework */; };
		9C374188FFCC8F9CEC12F421 /* Pods_Youse_AutoUITests.framework in Frameworks */ = {isa = PBXBuildFile; fileRef = 4185E181C2F82EAFE369B9C9 /* Pods_Youse_AutoUITests.framework */; };
/* End PBXBuildFile section */

/* Begin PBXContainerItemProxy section */
		61DC0BAF211E33B600D28BDA /* PBXContainerItemProxy */ = {
			isa = PBXContainerItemProxy;
			containerPortal = 61DC0B92211E33B400D28BDA /* Project object */;
			proxyType = 1;
			remoteGlobalIDString = 61DC0B99211E33B400D28BDA;
			remoteInfo = "Youse-Challenge";
		};
		61DC0BBA211E33B600D28BDA /* PBXContainerItemProxy */ = {
			isa = PBXContainerItemProxy;
			containerPortal = 61DC0B92211E33B400D28BDA /* Project object */;
			proxyType = 1;
			remoteGlobalIDString = 61DC0B99211E33B400D28BDA;
			remoteInfo = "Youse-Challenge";
		};
/* End PBXContainerItemProxy section */

/* Begin PBXFileReference section */
		1CFC6F014EE2B1CA78EEBB2A /* Pods_Youse_AutoTests.framework */ = {isa = PBXFileReference; explicitFileType = wrapper.framework; includeInIndex = 0; path = Pods_Youse_AutoTests.framework; sourceTree = BUILT_PRODUCTS_DIR; };
		4185E181C2F82EAFE369B9C9 /* Pods_Youse_AutoUITests.framework */ = {isa = PBXFileReference; explicitFileType = wrapper.framework; includeInIndex = 0; path = Pods_Youse_AutoUITests.framework; sourceTree = BUILT_PRODUCTS_DIR; };
		4F41252657E787441F4B260F /* Pods-Youse-AutoTests.debug.xcconfig */ = {isa = PBXFileReference; includeInIndex = 1; lastKnownFileType = text.xcconfig; name = "Pods-Youse-AutoTests.debug.xcconfig"; path = "Pods/Target Support Files/Pods-Youse-AutoTests/Pods-Youse-AutoTests.debug.xcconfig"; sourceTree = "<group>"; };
		54F6E9B5657521B4F749F5BE /* Pods-Youse-Auto.release.xcconfig */ = {isa = PBXFileReference; includeInIndex = 1; lastKnownFileType = text.xcconfig; name = "Pods-Youse-Auto.release.xcconfig"; path = "Pods/Target Support Files/Pods-Youse-Auto/Pods-Youse-Auto.release.xcconfig"; sourceTree = "<group>"; };
		61040076212364E800BCE794 /* PlaceholderView.swift */ = {isa = PBXFileReference; lastKnownFileType = sourcecode.swift; path = PlaceholderView.swift; sourceTree = "<group>"; };
		61040078212364F300BCE794 /* PlaceholderView.xib */ = {isa = PBXFileReference; lastKnownFileType = file.xib; path = PlaceholderView.xib; sourceTree = "<group>"; };
		6104007C2123813900BCE794 /* UITableView+Placeholder.swift */ = {isa = PBXFileReference; lastKnownFileType = sourcecode.swift; path = "UITableView+Placeholder.swift"; sourceTree = "<group>"; };
		6104007E212381C300BCE794 /* PlaceholderViewModel.swift */ = {isa = PBXFileReference; lastKnownFileType = sourcecode.swift; path = PlaceholderViewModel.swift; sourceTree = "<group>"; };
		610400802123939100BCE794 /* UIViewController+Utils.swift */ = {isa = PBXFileReference; lastKnownFileType = sourcecode.swift; path = "UIViewController+Utils.swift"; sourceTree = "<group>"; };
		61079BE92123C32F00BEC583 /* CarRepairDetails.storyboard */ = {isa = PBXFileReference; lastKnownFileType = file.storyboard; path = CarRepairDetails.storyboard; sourceTree = "<group>"; };
		61079BEB2123C7CD00BEC583 /* CarRepairDetailsViewController.swift */ = {isa = PBXFileReference; lastKnownFileType = sourcecode.swift; path = CarRepairDetailsViewController.swift; sourceTree = "<group>"; };
		61079BED2123C7DB00BEC583 /* CarRepairDetailsViewModel.swift */ = {isa = PBXFileReference; lastKnownFileType = sourcecode.swift; path = CarRepairDetailsViewModel.swift; sourceTree = "<group>"; };
		610B8DB32122B95000491CF7 /* StarFillMode.swift */ = {isa = PBXFileReference; fileEncoding = 4; lastKnownFileType = sourcecode.swift; path = StarFillMode.swift; sourceTree = "<group>"; };
		610B8DB42122B95000491CF7 /* StarLayer.swift */ = {isa = PBXFileReference; fileEncoding = 4; lastKnownFileType = sourcecode.swift; path = StarLayer.swift; sourceTree = "<group>"; };
		610B8DB72122B95000491CF7 /* CosmosDefaultSettings.swift */ = {isa = PBXFileReference; fileEncoding = 4; lastKnownFileType = sourcecode.swift; path = CosmosDefaultSettings.swift; sourceTree = "<group>"; };
		610B8DB82122B95000491CF7 /* CosmosSize.swift */ = {isa = PBXFileReference; fileEncoding = 4; lastKnownFileType = sourcecode.swift; path = CosmosSize.swift; sourceTree = "<group>"; };
		610B8DB92122B95000491CF7 /* CosmosLayers.swift */ = {isa = PBXFileReference; fileEncoding = 4; lastKnownFileType = sourcecode.swift; path = CosmosLayers.swift; sourceTree = "<group>"; };
		610B8DBD2122B95000491CF7 /* CosmosRating.swift */ = {isa = PBXFileReference; fileEncoding = 4; lastKnownFileType = sourcecode.swift; path = CosmosRating.swift; sourceTree = "<group>"; };
		610B8DBE2122B95000491CF7 /* CosmosSettings.swift */ = {isa = PBXFileReference; fileEncoding = 4; lastKnownFileType = sourcecode.swift; path = CosmosSettings.swift; sourceTree = "<group>"; };
		610B8DC12122B95000491CF7 /* RightToLeft.swift */ = {isa = PBXFileReference; fileEncoding = 4; lastKnownFileType = sourcecode.swift; path = RightToLeft.swift; sourceTree = "<group>"; };
		610B8DC22122B95000491CF7 /* CosmosView.swift */ = {isa = PBXFileReference; fileEncoding = 4; lastKnownFileType = sourcecode.swift; path = CosmosView.swift; sourceTree = "<group>"; };
		610B8DD221233E8600491CF7 /* UIViewController+Alert.swift */ = {isa = PBXFileReference; lastKnownFileType = sourcecode.swift; path = "UIViewController+Alert.swift"; sourceTree = "<group>"; };
		6112AAFD21248726000AE094 /* UIApplication+Utils.swift */ = {isa = PBXFileReference; lastKnownFileType = sourcecode.swift; path = "UIApplication+Utils.swift"; sourceTree = "<group>"; };
		61203D332126089200928F1A /* ReviewCell.swift */ = {isa = PBXFileReference; lastKnownFileType = sourcecode.swift; path = ReviewCell.swift; sourceTree = "<group>"; };
		61203D35212608A200928F1A /* ReviewCellViewModel.swift */ = {isa = PBXFileReference; lastKnownFileType = sourcecode.swift; path = ReviewCellViewModel.swift; sourceTree = "<group>"; };
		61211BE721261D9000DBEB9D /* Location.storyboard */ = {isa = PBXFileReference; lastKnownFileType = file.storyboard; path = Location.storyboard; sourceTree = "<group>"; };
		61211BEB21261E2500DBEB9D /* LocationViewController.swift */ = {isa = PBXFileReference; lastKnownFileType = sourcecode.swift; path = LocationViewController.swift; sourceTree = "<group>"; };
		61211BED21261E6B00DBEB9D /* LocationViewModel.swift */ = {isa = PBXFileReference; lastKnownFileType = sourcecode.swift; path = LocationViewModel.swift; sourceTree = "<group>"; };
		61211BF52126211B00DBEB9D /* Info.plist */ = {isa = PBXFileReference; fileEncoding = 4; lastKnownFileType = text.plist.xml; path = Info.plist; sourceTree = "<group>"; };
		61211BF72126219700DBEB9D /* LocationService.swift */ = {isa = PBXFileReference; lastKnownFileType = sourcecode.swift; path = LocationService.swift; sourceTree = "<group>"; };
		6155CD6821220E9D003306FA /* CustomView.swift */ = {isa = PBXFileReference; lastKnownFileType = sourcecode.swift; path = CustomView.swift; sourceTree = "<group>"; };
		6155CD6B21222AC3003306FA /* CarRepairCell.swift */ = {isa = PBXFileReference; lastKnownFileType = sourcecode.swift; path = CarRepairCell.swift; sourceTree = "<group>"; };
		6155CD6D21222AF7003306FA /* CarRepairCellViewModel.swift */ = {isa = PBXFileReference; lastKnownFileType = sourcecode.swift; path = CarRepairCellViewModel.swift; sourceTree = "<group>"; };
		6155CD6F212230E0003306FA /* UIImageView+Service.swift */ = {isa = PBXFileReference; lastKnownFileType = sourcecode.swift; path = "UIImageView+Service.swift"; sourceTree = "<group>"; };
		6157B0F62124938A0082A78C /* CarRepairDetailsProvider.swift */ = {isa = PBXFileReference; lastKnownFileType = sourcecode.swift; path = CarRepairDetailsProvider.swift; sourceTree = "<group>"; };
		6157B0F821249F270082A78C /* CarRepairDetails.swift */ = {isa = PBXFileReference; lastKnownFileType = sourcecode.swift; path = CarRepairDetails.swift; sourceTree = "<group>"; };
		6157B0FC2124B04F0082A78C /* Location.swift */ = {isa = PBXFileReference; lastKnownFileType = sourcecode.swift; path = Location.swift; sourceTree = "<group>"; };
		6157B0FE2124B2C30082A78C /* Review.swift */ = {isa = PBXFileReference; lastKnownFileType = sourcecode.swift; path = Review.swift; sourceTree = "<group>"; };
		6157B1012124C1890082A78C /* CarRepairDetailsCellProtocol.swift */ = {isa = PBXFileReference; lastKnownFileType = sourcecode.swift; path = CarRepairDetailsCellProtocol.swift; sourceTree = "<group>"; };
		6157B1042124ED0D0082A78C /* GalleryCell.swift */ = {isa = PBXFileReference; lastKnownFileType = sourcecode.swift; path = GalleryCell.swift; sourceTree = "<group>"; };
		6157B1062124ED1B0082A78C /* GalleryCellViewModel.swift */ = {isa = PBXFileReference; lastKnownFileType = sourcecode.swift; path = GalleryCellViewModel.swift; sourceTree = "<group>"; };
		6157B1092124F8B30082A78C /* GalleryCollectionCell.swift */ = {isa = PBXFileReference; lastKnownFileType = sourcecode.swift; path = GalleryCollectionCell.swift; sourceTree = "<group>"; };
		6157B10B2124F8FD0082A78C /* GalleryCollectionCellViewModel.swift */ = {isa = PBXFileReference; lastKnownFileType = sourcecode.swift; path = GalleryCollectionCellViewModel.swift; sourceTree = "<group>"; };
		6157B10E21253FC50082A78C /* DetailsCell.swift */ = {isa = PBXFileReference; lastKnownFileType = sourcecode.swift; path = DetailsCell.swift; sourceTree = "<group>"; };
		6157B11021253FE80082A78C /* DetailsCellViewModel.swift */ = {isa = PBXFileReference; lastKnownFileType = sourcecode.swift; path = DetailsCellViewModel.swift; sourceTree = "<group>"; };
		6157B1122125467A0082A78C /* CustomButton.swift */ = {isa = PBXFileReference; lastKnownFileType = sourcecode.swift; path = CustomButton.swift; sourceTree = "<group>"; };
		615AD878211E3C03009EA364 /* .swiftlint.yml */ = {isa = PBXFileReference; fileEncoding = 4; lastKnownFileType = text; path = .swiftlint.yml; sourceTree = "<group>"; };
		615FEF032125D83600465FB3 /* DirectionsService.swift */ = {isa = PBXFileReference; fileEncoding = 4; lastKnownFileType = sourcecode.swift; path = DirectionsService.swift; sourceTree = "<group>"; };
		616F9B702126751600883648 /* CLLocationDistance+String.swift */ = {isa = PBXFileReference; lastKnownFileType = sourcecode.swift; path = "CLLocationDistance+String.swift"; sourceTree = "<group>"; };
		617ABB2A21220364001B6D73 /* Assets.xcassets */ = {isa = PBXFileReference; lastKnownFileType = folder.assetcatalog; path = Assets.xcassets; sourceTree = "<group>"; };
		617E4FA82120C49300C6057F /* CarRepairs.storyboard */ = {isa = PBXFileReference; lastKnownFileType = file.storyboard; path = CarRepairs.storyboard; sourceTree = "<group>"; };
		617E4FAC2120C56400C6057F /* CarRepairsViewController.swift */ = {isa = PBXFileReference; lastKnownFileType = sourcecode.swift; path = CarRepairsViewController.swift; sourceTree = "<group>"; };
		617E4FAE2120C5B700C6057F /* CarRepairsViewModel.swift */ = {isa = PBXFileReference; lastKnownFileType = sourcecode.swift; path = CarRepairsViewModel.swift; sourceTree = "<group>"; };
		617E4FB02120C77C00C6057F /* CarRepairsProvider.swift */ = {isa = PBXFileReference; lastKnownFileType = sourcecode.swift; path = CarRepairsProvider.swift; sourceTree = "<group>"; };
		618ED114211E362400CD177E /* en */ = {isa = PBXFileReference; lastKnownFileType = text.plist.strings; name = en; path = en.lproj/Localizable.strings; sourceTree = "<group>"; };
		618ED116211E364000CD177E /* pt-BR */ = {isa = PBXFileReference; lastKnownFileType = text.plist.strings; name = "pt-BR"; path = "pt-BR.lproj/Localizable.strings"; sourceTree = "<group>"; };
		618ED11A211E376600CD177E /* LaunchScreen.storyboard */ = {isa = PBXFileReference; lastKnownFileType = file.storyboard; path = LaunchScreen.storyboard; sourceTree = "<group>"; };
		6197DB9C211EB92400237222 /* UIColor+Style.swift */ = {isa = PBXFileReference; lastKnownFileType = sourcecode.swift; path = "UIColor+Style.swift"; sourceTree = "<group>"; };
		61A83EFA2125E3710096EA6C /* PhoneService.swift */ = {isa = PBXFileReference; lastKnownFileType = sourcecode.swift; path = PhoneService.swift; sourceTree = "<group>"; };
		61A83EFD2125ED0D0096EA6C /* ContactInfoCell.swift */ = {isa = PBXFileReference; lastKnownFileType = sourcecode.swift; path = ContactInfoCell.swift; sourceTree = "<group>"; };
		61A83EFF2125ED190096EA6C /* ContactInfoCellViewModel.swift */ = {isa = PBXFileReference; lastKnownFileType = sourcecode.swift; path = ContactInfoCellViewModel.swift; sourceTree = "<group>"; };
		61B8830A21211DB300B6A5B7 /* CarRepair.swift */ = {isa = PBXFileReference; lastKnownFileType = sourcecode.swift; path = CarRepair.swift; sourceTree = "<group>"; };
		61B8830C21212BCE00B6A5B7 /* Photo.swift */ = {isa = PBXFileReference; lastKnownFileType = sourcecode.swift; path = Photo.swift; sourceTree = "<group>"; };
		61B8830E2121377D00B6A5B7 /* Double+Utils.swift */ = {isa = PBXFileReference; lastKnownFileType = sourcecode.swift; path = "Double+Utils.swift"; sourceTree = "<group>"; };
		61BD1BC0211E58DE009BB88A /* NetworkService.swift */ = {isa = PBXFileReference; lastKnownFileType = sourcecode.swift; path = NetworkService.swift; sourceTree = "<group>"; };
		61BD1BC2211E59ED009BB88A /* NetworkLogger.swift */ = {isa = PBXFileReference; lastKnownFileType = sourcecode.swift; path = NetworkLogger.swift; sourceTree = "<group>"; };
		61BD1BC5211E5CDB009BB88A /* String+Localized.swift */ = {isa = PBXFileReference; lastKnownFileType = sourcecode.swift; path = "String+Localized.swift"; sourceTree = "<group>"; };
		61BD1BC9211E8A37009BB88A /* NetworkTests.swift */ = {isa = PBXFileReference; lastKnownFileType = sourcecode.swift; path = NetworkTests.swift; sourceTree = "<group>"; };
		61DC0B9A211E33B400D28BDA /* Youse-Auto.app */ = {isa = PBXFileReference; explicitFileType = wrapper.application; includeInIndex = 0; path = "Youse-Auto.app"; sourceTree = BUILT_PRODUCTS_DIR; };
		61DC0B9D211E33B400D28BDA /* AppDelegate.swift */ = {isa = PBXFileReference; lastKnownFileType = sourcecode.swift; path = AppDelegate.swift; sourceTree = "<group>"; };
		61DC0BAE211E33B600D28BDA /* Youse-AutoTests.xctest */ = {isa = PBXFileReference; explicitFileType = wrapper.cfbundle; includeInIndex = 0; path = "Youse-AutoTests.xctest"; sourceTree = BUILT_PRODUCTS_DIR; };
		61DC0BB4211E33B600D28BDA /* Info.plist */ = {isa = PBXFileReference; lastKnownFileType = text.plist.xml; path = Info.plist; sourceTree = "<group>"; };
		61DC0BB9211E33B600D28BDA /* Youse-AutoUITests.xctest */ = {isa = PBXFileReference; explicitFileType = wrapper.cfbundle; includeInIndex = 0; path = "Youse-AutoUITests.xctest"; sourceTree = BUILT_PRODUCTS_DIR; };
		61DC0BBD211E33B600D28BDA /* Youse_AutoUITests.swift */ = {isa = PBXFileReference; lastKnownFileType = sourcecode.swift; path = Youse_AutoUITests.swift; sourceTree = "<group>"; };
		61DC0BBF211E33B600D28BDA /* Info.plist */ = {isa = PBXFileReference; lastKnownFileType = text.plist.xml; path = Info.plist; sourceTree = "<group>"; };
		61F07476212255980010D900 /* UIImage+Style.swift */ = {isa = PBXFileReference; lastKnownFileType = sourcecode.swift; path = "UIImage+Style.swift"; sourceTree = "<group>"; };
		61F074782122923C0010D900 /* UIViewController+Loading.swift */ = {isa = PBXFileReference; lastKnownFileType = sourcecode.swift; path = "UIViewController+Loading.swift"; sourceTree = "<group>"; };
		A1338903BA9D8F006A13D89A /* Pods-Youse-AutoUITests.debug.xcconfig */ = {isa = PBXFileReference; includeInIndex = 1; lastKnownFileType = text.xcconfig; name = "Pods-Youse-AutoUITests.debug.xcconfig"; path = "Pods/Target Support Files/Pods-Youse-AutoUITests/Pods-Youse-AutoUITests.debug.xcconfig"; sourceTree = "<group>"; };
		C53E37D7B8871D69D6EA228D /* Pods-Youse-AutoUITests.release.xcconfig */ = {isa = PBXFileReference; includeInIndex = 1; lastKnownFileType = text.xcconfig; name = "Pods-Youse-AutoUITests.release.xcconfig"; path = "Pods/Target Support Files/Pods-Youse-AutoUITests/Pods-Youse-AutoUITests.release.xcconfig"; sourceTree = "<group>"; };
		D93F95E2250E89790CDD822D /* Pods-Youse-AutoTests.release.xcconfig */ = {isa = PBXFileReference; includeInIndex = 1; lastKnownFileType = text.xcconfig; name = "Pods-Youse-AutoTests.release.xcconfig"; path = "Pods/Target Support Files/Pods-Youse-AutoTests/Pods-Youse-AutoTests.release.xcconfig"; sourceTree = "<group>"; };
		E626A9ED2A66EA4DA561F67E /* Pods_Youse_Auto.framework */ = {isa = PBXFileReference; explicitFileType = wrapper.framework; includeInIndex = 0; path = Pods_Youse_Auto.framework; sourceTree = BUILT_PRODUCTS_DIR; };
		F8FCFBC5B72B867E4831F4AD /* Pods-Youse-Auto.debug.xcconfig */ = {isa = PBXFileReference; includeInIndex = 1; lastKnownFileType = text.xcconfig; name = "Pods-Youse-Auto.debug.xcconfig"; path = "Pods/Target Support Files/Pods-Youse-Auto/Pods-Youse-Auto.debug.xcconfig"; sourceTree = "<group>"; };
/* End PBXFileReference section */

/* Begin PBXFrameworksBuildPhase section */
		61DC0B97211E33B400D28BDA /* Frameworks */ = {
			isa = PBXFrameworksBuildPhase;
			buildActionMask = 2147483647;
			files = (
				7B06B228789D1BF97E56C4F5 /* Pods_Youse_Auto.framework in Frameworks */,
			);
			runOnlyForDeploymentPostprocessing = 0;
		};
		61DC0BAB211E33B600D28BDA /* Frameworks */ = {
			isa = PBXFrameworksBuildPhase;
			buildActionMask = 2147483647;
			files = (
				1247E0EBE0DC4AF02005FF16 /* Pods_Youse_AutoTests.framework in Frameworks */,
			);
			runOnlyForDeploymentPostprocessing = 0;
		};
		61DC0BB6211E33B600D28BDA /* Frameworks */ = {
			isa = PBXFrameworksBuildPhase;
			buildActionMask = 2147483647;
			files = (
				9C374188FFCC8F9CEC12F421 /* Pods_Youse_AutoUITests.framework in Frameworks */,
			);
			runOnlyForDeploymentPostprocessing = 0;
		};
/* End PBXFrameworksBuildPhase section */

/* Begin PBXGroup section */
		011092BAE0F4A567A6989781 /* Pods */ = {
			isa = PBXGroup;
			children = (
				F8FCFBC5B72B867E4831F4AD /* Pods-Youse-Auto.debug.xcconfig */,
				54F6E9B5657521B4F749F5BE /* Pods-Youse-Auto.release.xcconfig */,
				4F41252657E787441F4B260F /* Pods-Youse-AutoTests.debug.xcconfig */,
				D93F95E2250E89790CDD822D /* Pods-Youse-AutoTests.release.xcconfig */,
				A1338903BA9D8F006A13D89A /* Pods-Youse-AutoUITests.debug.xcconfig */,
				C53E37D7B8871D69D6EA228D /* Pods-Youse-AutoUITests.release.xcconfig */,
			);
			name = Pods;
			sourceTree = "<group>";
		};
		61079BE72123C2F800BEC583 /* Models */ = {
			isa = PBXGroup;
			children = (
				6157B0F62124938A0082A78C /* CarRepairDetailsProvider.swift */,
				6157B0F821249F270082A78C /* CarRepairDetails.swift */,
				6157B0FE2124B2C30082A78C /* Review.swift */,
			);
			path = Models;
			sourceTree = "<group>";
		};
		61079BE82123C30100BEC583 /* CarRepairDetails */ = {
			isa = PBXGroup;
			children = (
				61079BEB2123C7CD00BEC583 /* CarRepairDetailsViewController.swift */,
				61079BED2123C7DB00BEC583 /* CarRepairDetailsViewModel.swift */,
				6157B1002124C16E0082A78C /* Cells */,
			);
			path = CarRepairDetails;
			sourceTree = "<group>";
		};
		610B8DB12122B93300491CF7 /* CustomView */ = {
			isa = PBXGroup;
			children = (
				6155CD6821220E9D003306FA /* CustomView.swift */,
			);
			path = CustomView;
			sourceTree = "<group>";
		};
		610B8DB22122B95000491CF7 /* CosmosView */ = {
			isa = PBXGroup;
			children = (
				610B8DB72122B95000491CF7 /* CosmosDefaultSettings.swift */,
				610B8DB92122B95000491CF7 /* CosmosLayers.swift */,
				610B8DBD2122B95000491CF7 /* CosmosRating.swift */,
				610B8DBE2122B95000491CF7 /* CosmosSettings.swift */,
				610B8DB82122B95000491CF7 /* CosmosSize.swift */,
				610B8DC22122B95000491CF7 /* CosmosView.swift */,
				610B8DC12122B95000491CF7 /* RightToLeft.swift */,
				610B8DB32122B95000491CF7 /* StarFillMode.swift */,
				610B8DB42122B95000491CF7 /* StarLayer.swift */,
			);
			path = CosmosView;
			sourceTree = "<group>";
		};
		610B8DD42123572A00491CF7 /* PlaceholderView */ = {
			isa = PBXGroup;
			children = (
				61040078212364F300BCE794 /* PlaceholderView.xib */,
				61040076212364E800BCE794 /* PlaceholderView.swift */,
				6104007E212381C300BCE794 /* PlaceholderViewModel.swift */,
			);
			path = PlaceholderView;
			sourceTree = "<group>";
		};
		61203D322126087200928F1A /* ReviewCell */ = {
			isa = PBXGroup;
			children = (
				61203D332126089200928F1A /* ReviewCell.swift */,
				61203D35212608A200928F1A /* ReviewCellViewModel.swift */,
			);
			path = ReviewCell;
			sourceTree = "<group>";
		};
		61211BE621261D6D00DBEB9D /* Location */ = {
			isa = PBXGroup;
			children = (
				61211BE721261D9000DBEB9D /* Location.storyboard */,
				61211BEB21261E2500DBEB9D /* LocationViewController.swift */,
				61211BED21261E6B00DBEB9D /* LocationViewModel.swift */,
			);
			path = Location;
			sourceTree = "<group>";
		};
		6155CD6A21222A8E003306FA /* Cells */ = {
			isa = PBXGroup;
			children = (
				6155CD6B21222AC3003306FA /* CarRepairCell.swift */,
				6155CD6D21222AF7003306FA /* CarRepairCellViewModel.swift */,
			);
			path = Cells;
			sourceTree = "<group>";
		};
		6157B1002124C16E0082A78C /* Cells */ = {
			isa = PBXGroup;
			children = (
				6157B1012124C1890082A78C /* CarRepairDetailsCellProtocol.swift */,
				6157B1032124EC960082A78C /* GalleryCell */,
				6157B10D21253F2D0082A78C /* DetailsCell */,
				61A83EFC2125ECD60096EA6C /* ContactInfoCell */,
				61203D322126087200928F1A /* ReviewCell */,
			);
			path = Cells;
			sourceTree = "<group>";
		};
		6157B1032124EC960082A78C /* GalleryCell */ = {
			isa = PBXGroup;
			children = (
				6157B1042124ED0D0082A78C /* GalleryCell.swift */,
				6157B1062124ED1B0082A78C /* GalleryCellViewModel.swift */,
				6157B1082124F8680082A78C /* GalleryCollectionCell */,
			);
			path = GalleryCell;
			sourceTree = "<group>";
		};
		6157B1082124F8680082A78C /* GalleryCollectionCell */ = {
			isa = PBXGroup;
			children = (
				6157B1092124F8B30082A78C /* GalleryCollectionCell.swift */,
				6157B10B2124F8FD0082A78C /* GalleryCollectionCellViewModel.swift */,
			);
			path = GalleryCollectionCell;
			sourceTree = "<group>";
		};
		6157B10D21253F2D0082A78C /* DetailsCell */ = {
			isa = PBXGroup;
			children = (
				6157B10E21253FC50082A78C /* DetailsCell.swift */,
				6157B11021253FE80082A78C /* DetailsCellViewModel.swift */,
			);
			path = DetailsCell;
			sourceTree = "<group>";
		};
		6157B114212546820082A78C /* CustomButton */ = {
			isa = PBXGroup;
			children = (
				6157B1122125467A0082A78C /* CustomButton.swift */,
			);
			path = CustomButton;
			sourceTree = "<group>";
		};
		615FEF002125530C00465FB3 /* Utils */ = {
			isa = PBXGroup;
			children = (
				615FEF032125D83600465FB3 /* DirectionsService.swift */,
				61211BF72126219700DBEB9D /* LocationService.swift */,
				61A83EFA2125E3710096EA6C /* PhoneService.swift */,
			);
			path = Utils;
			sourceTree = "<group>";
		};
		6177A283211F85ED00F963C6 /* CarRepairs */ = {
			isa = PBXGroup;
			children = (
				617E4FA82120C49300C6057F /* CarRepairs.storyboard */,
				617E4FAA2120C49E00C6057F /* Models */,
				617E4FAB2120C4AD00C6057F /* CarRepairs */,
			);
			path = CarRepairs;
			sourceTree = "<group>";
		};
		6177A284211F868700F963C6 /* CarRepairDetails */ = {
			isa = PBXGroup;
			children = (
				61079BE92123C32F00BEC583 /* CarRepairDetails.storyboard */,
				61079BE72123C2F800BEC583 /* Models */,
				61079BE82123C30100BEC583 /* CarRepairDetails */,
			);
			path = CarRepairDetails;
			sourceTree = "<group>";
		};
		617E4FAA2120C49E00C6057F /* Models */ = {
			isa = PBXGroup;
			children = (
				617E4FB02120C77C00C6057F /* CarRepairsProvider.swift */,
				61B8830A21211DB300B6A5B7 /* CarRepair.swift */,
				6157B0FC2124B04F0082A78C /* Location.swift */,
				61B8830C21212BCE00B6A5B7 /* Photo.swift */,
			);
			path = Models;
			sourceTree = "<group>";
		};
		617E4FAB2120C4AD00C6057F /* CarRepairs */ = {
			isa = PBXGroup;
			children = (
				617E4FAC2120C56400C6057F /* CarRepairsViewController.swift */,
				617E4FAE2120C5B700C6057F /* CarRepairsViewModel.swift */,
				6155CD6A21222A8E003306FA /* Cells */,
			);
			path = CarRepairs;
			sourceTree = "<group>";
		};
		618ED109211E34CF00CD177E /* Resources */ = {
			isa = PBXGroup;
			children = (
				617ABB2A21220364001B6D73 /* Assets.xcassets */,
				618ED11A211E376600CD177E /* LaunchScreen.storyboard */,
				618ED10B211E350700CD177E /* Language */,
				618ED10C211E351000CD177E /* Supporting Files */,
			);
			path = Resources;
			sourceTree = "<group>";
		};
		618ED10A211E34F000CD177E /* Sources */ = {
			isa = PBXGroup;
			children = (
				61DC0B9D211E33B400D28BDA /* AppDelegate.swift */,
				618ED10D211E356400CD177E /* Features */,
				618ED10F211E357C00CD177E /* Network */,
				618ED110211E359400CD177E /* Shared */,
			);
			path = Sources;
			sourceTree = "<group>";
		};
		618ED10B211E350700CD177E /* Language */ = {
			isa = PBXGroup;
			children = (
				618ED115211E362400CD177E /* Localizable.strings */,
			);
			path = Language;
			sourceTree = "<group>";
		};
		618ED10C211E351000CD177E /* Supporting Files */ = {
			isa = PBXGroup;
			children = (
				615AD878211E3C03009EA364 /* .swiftlint.yml */,
				61211BF52126211B00DBEB9D /* Info.plist */,
			);
			path = "Supporting Files";
			sourceTree = "<group>";
		};
		618ED10D211E356400CD177E /* Features */ = {
			isa = PBXGroup;
			children = (
				61211BE621261D6D00DBEB9D /* Location */,
				6177A283211F85ED00F963C6 /* CarRepairs */,
				6177A284211F868700F963C6 /* CarRepairDetails */,
			);
			path = Features;
			sourceTree = "<group>";
		};
		618ED10F211E357C00CD177E /* Network */ = {
			isa = PBXGroup;
			children = (
				61BD1BC0211E58DE009BB88A /* NetworkService.swift */,
				61BD1BC2211E59ED009BB88A /* NetworkLogger.swift */,
			);
			path = Network;
			sourceTree = "<group>";
		};
		618ED110211E359400CD177E /* Shared */ = {
			isa = PBXGroup;
			children = (
				61BD1BC4211E5CBB009BB88A /* Extensions */,
				615FEF002125530C00465FB3 /* Utils */,
				61B88310212145EC00B6A5B7 /* Views */,
			);
			path = Shared;
			sourceTree = "<group>";
		};
		61A83EFC2125ECD60096EA6C /* ContactInfoCell */ = {
			isa = PBXGroup;
			children = (
				61A83EFD2125ED0D0096EA6C /* ContactInfoCell.swift */,
				61A83EFF2125ED190096EA6C /* ContactInfoCellViewModel.swift */,
			);
			path = ContactInfoCell;
			sourceTree = "<group>";
		};
		61B88310212145EC00B6A5B7 /* Views */ = {
			isa = PBXGroup;
			children = (
				610B8DB22122B95000491CF7 /* CosmosView */,
				6157B114212546820082A78C /* CustomButton */,
				610B8DB12122B93300491CF7 /* CustomView */,
				610B8DD42123572A00491CF7 /* PlaceholderView */,
			);
			path = Views;
			sourceTree = "<group>";
		};
		61BD1BC4211E5CBB009BB88A /* Extensions */ = {
			isa = PBXGroup;
			children = (
				616F9B702126751600883648 /* CLLocationDistance+String.swift */,
				61B8830E2121377D00B6A5B7 /* Double+Utils.swift */,
				61BD1BC5211E5CDB009BB88A /* String+Localized.swift */,
				6112AAFD21248726000AE094 /* UIApplication+Utils.swift */,
				6197DB9C211EB92400237222 /* UIColor+Style.swift */,
				61F07476212255980010D900 /* UIImage+Style.swift */,
				6155CD6F212230E0003306FA /* UIImageView+Service.swift */,
				6104007C2123813900BCE794 /* UITableView+Placeholder.swift */,
				610B8DD221233E8600491CF7 /* UIViewController+Alert.swift */,
				61F074782122923C0010D900 /* UIViewController+Loading.swift */,
				610400802123939100BCE794 /* UIViewController+Utils.swift */,
			);
			path = Extensions;
			sourceTree = "<group>";
		};
		61BD1BC8211E8A18009BB88A /* Network */ = {
			isa = PBXGroup;
			children = (
				61BD1BC9211E8A37009BB88A /* NetworkTests.swift */,
			);
			path = Network;
			sourceTree = "<group>";
		};
		61DC0B91211E33B400D28BDA = {
			isa = PBXGroup;
			children = (
				61DC0B9C211E33B400D28BDA /* Youse-Auto */,
				61DC0BB1211E33B600D28BDA /* Youse-AutoTests */,
				61DC0BBC211E33B600D28BDA /* Youse-AutoUITests */,
				61DC0B9B211E33B400D28BDA /* Products */,
				011092BAE0F4A567A6989781 /* Pods */,
				EA7D27385E0B5336C692F851 /* Frameworks */,
			);
			sourceTree = "<group>";
		};
		61DC0B9B211E33B400D28BDA /* Products */ = {
			isa = PBXGroup;
			children = (
				61DC0B9A211E33B400D28BDA /* Youse-Auto.app */,
				61DC0BAE211E33B600D28BDA /* Youse-AutoTests.xctest */,
				61DC0BB9211E33B600D28BDA /* Youse-AutoUITests.xctest */,
			);
			name = Products;
			sourceTree = "<group>";
		};
		61DC0B9C211E33B400D28BDA /* Youse-Auto */ = {
			isa = PBXGroup;
			children = (
				618ED109211E34CF00CD177E /* Resources */,
				618ED10A211E34F000CD177E /* Sources */,
			);
			path = "Youse-Auto";
			sourceTree = "<group>";
		};
		61DC0BB1211E33B600D28BDA /* Youse-AutoTests */ = {
			isa = PBXGroup;
			children = (
				61BD1BC8211E8A18009BB88A /* Network */,
				61DC0BB4211E33B600D28BDA /* Info.plist */,
			);
			path = "Youse-AutoTests";
			sourceTree = "<group>";
		};
		61DC0BBC211E33B600D28BDA /* Youse-AutoUITests */ = {
			isa = PBXGroup;
			children = (
				61DC0BBD211E33B600D28BDA /* Youse_AutoUITests.swift */,
				61DC0BBF211E33B600D28BDA /* Info.plist */,
			);
			path = "Youse-AutoUITests";
			sourceTree = "<group>";
		};
		EA7D27385E0B5336C692F851 /* Frameworks */ = {
			isa = PBXGroup;
			children = (
				E626A9ED2A66EA4DA561F67E /* Pods_Youse_Auto.framework */,
				1CFC6F014EE2B1CA78EEBB2A /* Pods_Youse_AutoTests.framework */,
				4185E181C2F82EAFE369B9C9 /* Pods_Youse_AutoUITests.framework */,
			);
			name = Frameworks;
			sourceTree = "<group>";
		};
/* End PBXGroup section */

/* Begin PBXNativeTarget section */
		61DC0B99211E33B400D28BDA /* Youse-Auto */ = {
			isa = PBXNativeTarget;
			buildConfigurationList = 61DC0BC2211E33B600D28BDA /* Build configuration list for PBXNativeTarget "Youse-Auto" */;
			buildPhases = (
				D94274FC3F27C3144B6D3322 /* [CP] Check Pods Manifest.lock */,
				61DC0B96211E33B400D28BDA /* Sources */,
				61DC0B97211E33B400D28BDA /* Frameworks */,
				61DC0B98211E33B400D28BDA /* Resources */,
				68E734200BFDC14A42422691 /* [CP] Embed Pods Frameworks */,
			);
			buildRules = (
			);
			dependencies = (
			);
			name = "Youse-Auto";
			productName = "Youse-Challenge";
			productReference = 61DC0B9A211E33B400D28BDA /* Youse-Auto.app */;
			productType = "com.apple.product-type.application";
		};
		61DC0BAD211E33B600D28BDA /* Youse-AutoTests */ = {
			isa = PBXNativeTarget;
			buildConfigurationList = 61DC0BC5211E33B600D28BDA /* Build configuration list for PBXNativeTarget "Youse-AutoTests" */;
			buildPhases = (
				09D6B962C65149B4741C40A6 /* [CP] Check Pods Manifest.lock */,
				61DC0BAA211E33B600D28BDA /* Sources */,
				61DC0BAB211E33B600D28BDA /* Frameworks */,
				61DC0BAC211E33B600D28BDA /* Resources */,
			);
			buildRules = (
			);
			dependencies = (
				61DC0BB0211E33B600D28BDA /* PBXTargetDependency */,
			);
			name = "Youse-AutoTests";
			productName = "Youse-ChallengeTests";
			productReference = 61DC0BAE211E33B600D28BDA /* Youse-AutoTests.xctest */;
			productType = "com.apple.product-type.bundle.unit-test";
		};
		61DC0BB8211E33B600D28BDA /* Youse-AutoUITests */ = {
			isa = PBXNativeTarget;
			buildConfigurationList = 61DC0BC8211E33B600D28BDA /* Build configuration list for PBXNativeTarget "Youse-AutoUITests" */;
			buildPhases = (
				76F52CAE96D5306A5EABDCB2 /* [CP] Check Pods Manifest.lock */,
				61DC0BB5211E33B600D28BDA /* Sources */,
				61DC0BB6211E33B600D28BDA /* Frameworks */,
				61DC0BB7211E33B600D28BDA /* Resources */,
			);
			buildRules = (
			);
			dependencies = (
				61DC0BBB211E33B600D28BDA /* PBXTargetDependency */,
			);
			name = "Youse-AutoUITests";
			productName = "Youse-ChallengeUITests";
			productReference = 61DC0BB9211E33B600D28BDA /* Youse-AutoUITests.xctest */;
			productType = "com.apple.product-type.bundle.ui-testing";
		};
/* End PBXNativeTarget section */

/* Begin PBXProject section */
		61DC0B92211E33B400D28BDA /* Project object */ = {
			isa = PBXProject;
			attributes = {
				LastSwiftUpdateCheck = 0940;
				LastUpgradeCheck = 0940;
				ORGANIZATIONNAME = "Michael Douglas";
				TargetAttributes = {
					61DC0B99211E33B400D28BDA = {
						CreatedOnToolsVersion = 9.4.1;
					};
					61DC0BAD211E33B600D28BDA = {
						CreatedOnToolsVersion = 9.4.1;
						TestTargetID = 61DC0B99211E33B400D28BDA;
					};
					61DC0BB8211E33B600D28BDA = {
						CreatedOnToolsVersion = 9.4.1;
						TestTargetID = 61DC0B99211E33B400D28BDA;
					};
				};
			};
			buildConfigurationList = 61DC0B95211E33B400D28BDA /* Build configuration list for PBXProject "Youse-Auto" */;
			compatibilityVersion = "Xcode 9.3";
			developmentRegion = en;
			hasScannedForEncodings = 0;
			knownRegions = (
				en,
				"pt-BR",
			);
			mainGroup = 61DC0B91211E33B400D28BDA;
			productRefGroup = 61DC0B9B211E33B400D28BDA /* Products */;
			projectDirPath = "";
			projectRoot = "";
			targets = (
				61DC0B99211E33B400D28BDA /* Youse-Auto */,
				61DC0BAD211E33B600D28BDA /* Youse-AutoTests */,
				61DC0BB8211E33B600D28BDA /* Youse-AutoUITests */,
			);
		};
/* End PBXProject section */

/* Begin PBXResourcesBuildPhase section */
		61DC0B98211E33B400D28BDA /* Resources */ = {
			isa = PBXResourcesBuildPhase;
			buildActionMask = 2147483647;
			files = (
				61040079212364F300BCE794 /* PlaceholderView.xib in Resources */,
				615AD879211E3C03009EA364 /* .swiftlint.yml in Resources */,
				618ED11B211E376600CD177E /* LaunchScreen.storyboard in Resources */,
				61211BE821261D9000DBEB9D /* Location.storyboard in Resources */,
				61079BEA2123C32F00BEC583 /* CarRepairDetails.storyboard in Resources */,
				617E4FA92120C49300C6057F /* CarRepairs.storyboard in Resources */,
				618ED113211E362400CD177E /* Localizable.strings in Resources */,
				617ABB2B21220364001B6D73 /* Assets.xcassets in Resources */,
			);
			runOnlyForDeploymentPostprocessing = 0;
		};
		61DC0BAC211E33B600D28BDA /* Resources */ = {
			isa = PBXResourcesBuildPhase;
			buildActionMask = 2147483647;
			files = (
			);
			runOnlyForDeploymentPostprocessing = 0;
		};
		61DC0BB7211E33B600D28BDA /* Resources */ = {
			isa = PBXResourcesBuildPhase;
			buildActionMask = 2147483647;
			files = (
			);
			runOnlyForDeploymentPostprocessing = 0;
		};
/* End PBXResourcesBuildPhase section */

/* Begin PBXShellScriptBuildPhase section */
		09D6B962C65149B4741C40A6 /* [CP] Check Pods Manifest.lock */ = {
			isa = PBXShellScriptBuildPhase;
			buildActionMask = 2147483647;
			files = (
			);
			inputPaths = (
				"${PODS_PODFILE_DIR_PATH}/Podfile.lock",
				"${PODS_ROOT}/Manifest.lock",
			);
			name = "[CP] Check Pods Manifest.lock";
			outputPaths = (
				"$(DERIVED_FILE_DIR)/Pods-Youse-AutoTests-checkManifestLockResult.txt",
			);
			runOnlyForDeploymentPostprocessing = 0;
			shellPath = /bin/sh;
			shellScript = "diff \"${PODS_PODFILE_DIR_PATH}/Podfile.lock\" \"${PODS_ROOT}/Manifest.lock\" > /dev/null\nif [ $? != 0 ] ; then\n    # print error to STDERR\n    echo \"error: The sandbox is not in sync with the Podfile.lock. Run 'pod install' or update your CocoaPods installation.\" >&2\n    exit 1\nfi\n# This output is used by Xcode 'outputs' to avoid re-running this script phase.\necho \"SUCCESS\" > \"${SCRIPT_OUTPUT_FILE_0}\"\n";
			showEnvVarsInLog = 0;
		};
		68E734200BFDC14A42422691 /* [CP] Embed Pods Frameworks */ = {
			isa = PBXShellScriptBuildPhase;
			buildActionMask = 2147483647;
			files = (
			);
			inputPaths = (
				"${SRCROOT}/Pods/Target Support Files/Pods-Youse-Auto/Pods-Youse-Auto-frameworks.sh",
				"${BUILT_PRODUCTS_DIR}/Alamofire/Alamofire.framework",
				"${BUILT_PRODUCTS_DIR}/AlamofireImage/AlamofireImage.framework",
				"${BUILT_PRODUCTS_DIR}/SwiftyJSON/SwiftyJSON.framework",
			);
			name = "[CP] Embed Pods Frameworks";
			outputPaths = (
				"${TARGET_BUILD_DIR}/${FRAMEWORKS_FOLDER_PATH}/Alamofire.framework",
				"${TARGET_BUILD_DIR}/${FRAMEWORKS_FOLDER_PATH}/AlamofireImage.framework",
				"${TARGET_BUILD_DIR}/${FRAMEWORKS_FOLDER_PATH}/SwiftyJSON.framework",
			);
			runOnlyForDeploymentPostprocessing = 0;
			shellPath = /bin/sh;
			shellScript = "\"${SRCROOT}/Pods/Target Support Files/Pods-Youse-Auto/Pods-Youse-Auto-frameworks.sh\"\n";
			showEnvVarsInLog = 0;
		};
		76F52CAE96D5306A5EABDCB2 /* [CP] Check Pods Manifest.lock */ = {
			isa = PBXShellScriptBuildPhase;
			buildActionMask = 2147483647;
			files = (
			);
			inputPaths = (
				"${PODS_PODFILE_DIR_PATH}/Podfile.lock",
				"${PODS_ROOT}/Manifest.lock",
			);
			name = "[CP] Check Pods Manifest.lock";
			outputPaths = (
				"$(DERIVED_FILE_DIR)/Pods-Youse-AutoUITests-checkManifestLockResult.txt",
			);
			runOnlyForDeploymentPostprocessing = 0;
			shellPath = /bin/sh;
			shellScript = "diff \"${PODS_PODFILE_DIR_PATH}/Podfile.lock\" \"${PODS_ROOT}/Manifest.lock\" > /dev/null\nif [ $? != 0 ] ; then\n    # print error to STDERR\n    echo \"error: The sandbox is not in sync with the Podfile.lock. Run 'pod install' or update your CocoaPods installation.\" >&2\n    exit 1\nfi\n# This output is used by Xcode 'outputs' to avoid re-running this script phase.\necho \"SUCCESS\" > \"${SCRIPT_OUTPUT_FILE_0}\"\n";
			showEnvVarsInLog = 0;
		};
		D94274FC3F27C3144B6D3322 /* [CP] Check Pods Manifest.lock */ = {
			isa = PBXShellScriptBuildPhase;
			buildActionMask = 2147483647;
			files = (
			);
			inputPaths = (
				"${PODS_PODFILE_DIR_PATH}/Podfile.lock",
				"${PODS_ROOT}/Manifest.lock",
			);
			name = "[CP] Check Pods Manifest.lock";
			outputPaths = (
				"$(DERIVED_FILE_DIR)/Pods-Youse-Auto-checkManifestLockResult.txt",
			);
			runOnlyForDeploymentPostprocessing = 0;
			shellPath = /bin/sh;
			shellScript = "diff \"${PODS_PODFILE_DIR_PATH}/Podfile.lock\" \"${PODS_ROOT}/Manifest.lock\" > /dev/null\nif [ $? != 0 ] ; then\n    # print error to STDERR\n    echo \"error: The sandbox is not in sync with the Podfile.lock. Run 'pod install' or update your CocoaPods installation.\" >&2\n    exit 1\nfi\n# This output is used by Xcode 'outputs' to avoid re-running this script phase.\necho \"SUCCESS\" > \"${SCRIPT_OUTPUT_FILE_0}\"\n";
			showEnvVarsInLog = 0;
		};
/* End PBXShellScriptBuildPhase section */

/* Begin PBXSourcesBuildPhase section */
		61DC0B96211E33B400D28BDA /* Sources */ = {
			isa = PBXSourcesBuildPhase;
			buildActionMask = 2147483647;
			files = (
				61F074792122923C0010D900 /* UIViewController+Loading.swift in Sources */,
				610B8DD12122B95000491CF7 /* CosmosView.swift in Sources */,
				610400812123939100BCE794 /* UIViewController+Utils.swift in Sources */,
				610B8DD321233E8600491CF7 /* UIViewController+Alert.swift in Sources */,
				61211BEC21261E2500DBEB9D /* LocationViewController.swift in Sources */,
				6157B1072124ED1B0082A78C /* GalleryCellViewModel.swift in Sources */,
				6155CD6E21222AF7003306FA /* CarRepairCellViewModel.swift in Sources */,
				610B8DCE2122B95000491CF7 /* CosmosSettings.swift in Sources */,
				610B8DC82122B95000491CF7 /* CosmosSize.swift in Sources */,
				616F9B712126751600883648 /* CLLocationDistance+String.swift in Sources */,
				610B8DC72122B95000491CF7 /* CosmosDefaultSettings.swift in Sources */,
				61B8830F2121377D00B6A5B7 /* Double+Utils.swift in Sources */,
				610B8DC32122B95000491CF7 /* StarFillMode.swift in Sources */,
				610B8DC92122B95000491CF7 /* CosmosLayers.swift in Sources */,
				6157B10F21253FC50082A78C /* DetailsCell.swift in Sources */,
				61203D36212608A200928F1A /* ReviewCellViewModel.swift in Sources */,
				61BD1BC6211E5CDB009BB88A /* String+Localized.swift in Sources */,
				6157B0F921249F270082A78C /* CarRepairDetails.swift in Sources */,
				6157B10C2124F8FD0082A78C /* GalleryCollectionCellViewModel.swift in Sources */,
				6112AAFE21248726000AE094 /* UIApplication+Utils.swift in Sources */,
				6157B10A2124F8B30082A78C /* GalleryCollectionCell.swift in Sources */,
				61BD1BC3211E59ED009BB88A /* NetworkLogger.swift in Sources */,
				61079BEC2123C7CD00BEC583 /* CarRepairDetailsViewController.swift in Sources */,
				6157B1132125467A0082A78C /* CustomButton.swift in Sources */,
				617E4FB12120C77C00C6057F /* CarRepairsProvider.swift in Sources */,
				61211BF82126219700DBEB9D /* LocationService.swift in Sources */,
				61A83EFB2125E3710096EA6C /* PhoneService.swift in Sources */,
				61DC0B9E211E33B400D28BDA /* AppDelegate.swift in Sources */,
				617E4FAD2120C56400C6057F /* CarRepairsViewController.swift in Sources */,
				6157B0FD2124B04F0082A78C /* Location.swift in Sources */,
				6157B11121253FE80082A78C /* DetailsCellViewModel.swift in Sources */,
				610B8DC42122B95000491CF7 /* StarLayer.swift in Sources */,
				6155CD6921220E9D003306FA /* CustomView.swift in Sources */,
				61B8830B21211DB300B6A5B7 /* CarRepair.swift in Sources */,
				617E4FAF2120C5B700C6057F /* CarRepairsViewModel.swift in Sources */,
				6157B0FF2124B2C30082A78C /* Review.swift in Sources */,
				6155CD6C21222AC3003306FA /* CarRepairCell.swift in Sources */,
				61B8830D21212BCE00B6A5B7 /* Photo.swift in Sources */,
				610B8DD02122B95000491CF7 /* RightToLeft.swift in Sources */,
				61211BEE21261E6B00DBEB9D /* LocationViewModel.swift in Sources */,
				6157B1022124C1890082A78C /* CarRepairDetailsCellProtocol.swift in Sources */,
				61079BEE2123C7DB00BEC583 /* CarRepairDetailsViewModel.swift in Sources */,
				6157B0F72124938A0082A78C /* CarRepairDetailsProvider.swift in Sources */,
				61A83EFE2125ED0D0096EA6C /* ContactInfoCell.swift in Sources */,
				6155CD70212230E0003306FA /* UIImageView+Service.swift in Sources */,
				61203D342126089200928F1A /* ReviewCell.swift in Sources */,
				610B8DCD2122B95000491CF7 /* CosmosRating.swift in Sources */,
				6197DB9D211EB92400237222 /* UIColor+Style.swift in Sources */,
				6157B1052124ED0D0082A78C /* GalleryCell.swift in Sources */,
				61BD1BC1211E58DE009BB88A /* NetworkService.swift in Sources */,
				615FEF042125D83600465FB3 /* DirectionsService.swift in Sources */,
				6104007F212381C300BCE794 /* PlaceholderViewModel.swift in Sources */,
				6104007D2123813900BCE794 /* UITableView+Placeholder.swift in Sources */,
				61A83F002125ED190096EA6C /* ContactInfoCellViewModel.swift in Sources */,
				61040077212364E800BCE794 /* PlaceholderView.swift in Sources */,
				61F07477212255980010D900 /* UIImage+Style.swift in Sources */,
			);
			runOnlyForDeploymentPostprocessing = 0;
		};
		61DC0BAA211E33B600D28BDA /* Sources */ = {
			isa = PBXSourcesBuildPhase;
			buildActionMask = 2147483647;
			files = (
				61BD1BCA211E8A37009BB88A /* NetworkTests.swift in Sources */,
			);
			runOnlyForDeploymentPostprocessing = 0;
		};
		61DC0BB5211E33B600D28BDA /* Sources */ = {
			isa = PBXSourcesBuildPhase;
			buildActionMask = 2147483647;
			files = (
				61DC0BBE211E33B600D28BDA /* Youse_AutoUITests.swift in Sources */,
			);
			runOnlyForDeploymentPostprocessing = 0;
		};
/* End PBXSourcesBuildPhase section */

/* Begin PBXTargetDependency section */
		61DC0BB0211E33B600D28BDA /* PBXTargetDependency */ = {
			isa = PBXTargetDependency;
			target = 61DC0B99211E33B400D28BDA /* Youse-Auto */;
			targetProxy = 61DC0BAF211E33B600D28BDA /* PBXContainerItemProxy */;
		};
		61DC0BBB211E33B600D28BDA /* PBXTargetDependency */ = {
			isa = PBXTargetDependency;
			target = 61DC0B99211E33B400D28BDA /* Youse-Auto */;
			targetProxy = 61DC0BBA211E33B600D28BDA /* PBXContainerItemProxy */;
		};
/* End PBXTargetDependency section */

/* Begin PBXVariantGroup section */
		618ED115211E362400CD177E /* Localizable.strings */ = {
			isa = PBXVariantGroup;
			children = (
				618ED114211E362400CD177E /* en */,
				618ED116211E364000CD177E /* pt-BR */,
			);
			name = Localizable.strings;
			sourceTree = "<group>";
		};
/* End PBXVariantGroup section */

/* Begin XCBuildConfiguration section */
		61DC0BC0211E33B600D28BDA /* Debug */ = {
			isa = XCBuildConfiguration;
			buildSettings = {
				ALWAYS_SEARCH_USER_PATHS = NO;
				CLANG_ANALYZER_LOCALIZABILITY_NONLOCALIZED = YES;
				CLANG_ANALYZER_NONNULL = YES;
				CLANG_ANALYZER_NUMBER_OBJECT_CONVERSION = YES_AGGRESSIVE;
				CLANG_CXX_LANGUAGE_STANDARD = "gnu++14";
				CLANG_CXX_LIBRARY = "libc++";
				CLANG_ENABLE_MODULES = YES;
				CLANG_ENABLE_OBJC_ARC = YES;
				CLANG_ENABLE_OBJC_WEAK = YES;
				CLANG_WARN_BLOCK_CAPTURE_AUTORELEASING = YES;
				CLANG_WARN_BOOL_CONVERSION = YES;
				CLANG_WARN_COMMA = YES;
				CLANG_WARN_CONSTANT_CONVERSION = YES;
				CLANG_WARN_DEPRECATED_OBJC_IMPLEMENTATIONS = YES;
				CLANG_WARN_DIRECT_OBJC_ISA_USAGE = YES_ERROR;
				CLANG_WARN_DOCUMENTATION_COMMENTS = YES;
				CLANG_WARN_EMPTY_BODY = YES;
				CLANG_WARN_ENUM_CONVERSION = YES;
				CLANG_WARN_INFINITE_RECURSION = YES;
				CLANG_WARN_INT_CONVERSION = YES;
				CLANG_WARN_NON_LITERAL_NULL_CONVERSION = YES;
				CLANG_WARN_OBJC_IMPLICIT_RETAIN_SELF = YES;
				CLANG_WARN_OBJC_LITERAL_CONVERSION = YES;
				CLANG_WARN_OBJC_ROOT_CLASS = YES_ERROR;
				CLANG_WARN_RANGE_LOOP_ANALYSIS = YES;
				CLANG_WARN_STRICT_PROTOTYPES = YES;
				CLANG_WARN_SUSPICIOUS_MOVE = YES;
				CLANG_WARN_UNGUARDED_AVAILABILITY = YES_AGGRESSIVE;
				CLANG_WARN_UNREACHABLE_CODE = YES;
				CLANG_WARN__DUPLICATE_METHOD_MATCH = YES;
				CODE_SIGN_IDENTITY = "iPhone Developer";
				COPY_PHASE_STRIP = NO;
				DEBUG_INFORMATION_FORMAT = dwarf;
				ENABLE_STRICT_OBJC_MSGSEND = YES;
				ENABLE_TESTABILITY = YES;
				GCC_C_LANGUAGE_STANDARD = gnu11;
				GCC_DYNAMIC_NO_PIC = NO;
				GCC_NO_COMMON_BLOCKS = YES;
				GCC_OPTIMIZATION_LEVEL = 0;
				GCC_PREPROCESSOR_DEFINITIONS = (
					"DEBUG=1",
					"$(inherited)",
				);
				GCC_WARN_64_TO_32_BIT_CONVERSION = YES;
				GCC_WARN_ABOUT_RETURN_TYPE = YES_ERROR;
				GCC_WARN_UNDECLARED_SELECTOR = YES;
				GCC_WARN_UNINITIALIZED_AUTOS = YES_AGGRESSIVE;
				GCC_WARN_UNUSED_FUNCTION = YES;
				GCC_WARN_UNUSED_VARIABLE = YES;
				IPHONEOS_DEPLOYMENT_TARGET = 11.4;
				MTL_ENABLE_DEBUG_INFO = YES;
				ONLY_ACTIVE_ARCH = YES;
				SDKROOT = iphoneos;
				SWIFT_ACTIVE_COMPILATION_CONDITIONS = DEBUG;
				SWIFT_OPTIMIZATION_LEVEL = "-Onone";
			};
			name = Debug;
		};
		61DC0BC1211E33B600D28BDA /* Release */ = {
			isa = XCBuildConfiguration;
			buildSettings = {
				ALWAYS_SEARCH_USER_PATHS = NO;
				CLANG_ANALYZER_LOCALIZABILITY_NONLOCALIZED = YES;
				CLANG_ANALYZER_NONNULL = YES;
				CLANG_ANALYZER_NUMBER_OBJECT_CONVERSION = YES_AGGRESSIVE;
				CLANG_CXX_LANGUAGE_STANDARD = "gnu++14";
				CLANG_CXX_LIBRARY = "libc++";
				CLANG_ENABLE_MODULES = YES;
				CLANG_ENABLE_OBJC_ARC = YES;
				CLANG_ENABLE_OBJC_WEAK = YES;
				CLANG_WARN_BLOCK_CAPTURE_AUTORELEASING = YES;
				CLANG_WARN_BOOL_CONVERSION = YES;
				CLANG_WARN_COMMA = YES;
				CLANG_WARN_CONSTANT_CONVERSION = YES;
				CLANG_WARN_DEPRECATED_OBJC_IMPLEMENTATIONS = YES;
				CLANG_WARN_DIRECT_OBJC_ISA_USAGE = YES_ERROR;
				CLANG_WARN_DOCUMENTATION_COMMENTS = YES;
				CLANG_WARN_EMPTY_BODY = YES;
				CLANG_WARN_ENUM_CONVERSION = YES;
				CLANG_WARN_INFINITE_RECURSION = YES;
				CLANG_WARN_INT_CONVERSION = YES;
				CLANG_WARN_NON_LITERAL_NULL_CONVERSION = YES;
				CLANG_WARN_OBJC_IMPLICIT_RETAIN_SELF = YES;
				CLANG_WARN_OBJC_LITERAL_CONVERSION = YES;
				CLANG_WARN_OBJC_ROOT_CLASS = YES_ERROR;
				CLANG_WARN_RANGE_LOOP_ANALYSIS = YES;
				CLANG_WARN_STRICT_PROTOTYPES = YES;
				CLANG_WARN_SUSPICIOUS_MOVE = YES;
				CLANG_WARN_UNGUARDED_AVAILABILITY = YES_AGGRESSIVE;
				CLANG_WARN_UNREACHABLE_CODE = YES;
				CLANG_WARN__DUPLICATE_METHOD_MATCH = YES;
				CODE_SIGN_IDENTITY = "iPhone Developer";
				COPY_PHASE_STRIP = NO;
				DEBUG_INFORMATION_FORMAT = "dwarf-with-dsym";
				ENABLE_NS_ASSERTIONS = NO;
				ENABLE_STRICT_OBJC_MSGSEND = YES;
				GCC_C_LANGUAGE_STANDARD = gnu11;
				GCC_NO_COMMON_BLOCKS = YES;
				GCC_WARN_64_TO_32_BIT_CONVERSION = YES;
				GCC_WARN_ABOUT_RETURN_TYPE = YES_ERROR;
				GCC_WARN_UNDECLARED_SELECTOR = YES;
				GCC_WARN_UNINITIALIZED_AUTOS = YES_AGGRESSIVE;
				GCC_WARN_UNUSED_FUNCTION = YES;
				GCC_WARN_UNUSED_VARIABLE = YES;
				IPHONEOS_DEPLOYMENT_TARGET = 11.4;
				MTL_ENABLE_DEBUG_INFO = NO;
				SDKROOT = iphoneos;
				SWIFT_COMPILATION_MODE = wholemodule;
				SWIFT_OPTIMIZATION_LEVEL = "-O";
				VALIDATE_PRODUCT = YES;
			};
			name = Release;
		};
		61DC0BC3211E33B600D28BDA /* Debug */ = {
			isa = XCBuildConfiguration;
			baseConfigurationReference = F8FCFBC5B72B867E4831F4AD /* Pods-Youse-Auto.debug.xcconfig */;
			buildSettings = {
				ASSETCATALOG_COMPILER_APPICON_NAME = AppIcon;
				CODE_SIGN_STYLE = Automatic;
				DEVELOPMENT_TEAM = 4Q582659G6;
				INFOPLIST_FILE = "$(SRCROOT)/Youse-Auto/Resources/Supporting Files/Info.plist";
				LD_RUNPATH_SEARCH_PATHS = (
					"$(inherited)",
					"@executable_path/Frameworks",
				);
				PRODUCT_BUNDLE_IDENTIFIER = "br.com.michaeldouglas.Youse-Auto";
				PRODUCT_NAME = "$(TARGET_NAME)";
				SWIFT_VERSION = 4.0;
				TARGETED_DEVICE_FAMILY = 1;
			};
			name = Debug;
		};
		61DC0BC4211E33B600D28BDA /* Release */ = {
			isa = XCBuildConfiguration;
			baseConfigurationReference = 54F6E9B5657521B4F749F5BE /* Pods-Youse-Auto.release.xcconfig */;
			buildSettings = {
				ASSETCATALOG_COMPILER_APPICON_NAME = AppIcon;
				CODE_SIGN_STYLE = Automatic;
				DEVELOPMENT_TEAM = 4Q582659G6;
				INFOPLIST_FILE = "$(SRCROOT)/Youse-Auto/Resources/Supporting Files/Info.plist";
				LD_RUNPATH_SEARCH_PATHS = (
					"$(inherited)",
					"@executable_path/Frameworks",
				);
				PRODUCT_BUNDLE_IDENTIFIER = "br.com.michaeldouglas.Youse-Auto";
				PRODUCT_NAME = "$(TARGET_NAME)";
				SWIFT_VERSION = 4.0;
				TARGETED_DEVICE_FAMILY = 1;
			};
			name = Release;
		};
		61DC0BC6211E33B600D28BDA /* Debug */ = {
			isa = XCBuildConfiguration;
			baseConfigurationReference = 4F41252657E787441F4B260F /* Pods-Youse-AutoTests.debug.xcconfig */;
			buildSettings = {
				ALWAYS_EMBED_SWIFT_STANDARD_LIBRARIES = YES;
				BUNDLE_LOADER = "$(TEST_HOST)";
				CODE_SIGN_STYLE = Automatic;
				DEVELOPMENT_TEAM = 4Q582659G6;
				INFOPLIST_FILE = "Youse-AutoTests/Info.plist";
				LD_RUNPATH_SEARCH_PATHS = (
					"$(inherited)",
					"@executable_path/Frameworks",
					"@loader_path/Frameworks",
				);
				PRODUCT_BUNDLE_IDENTIFIER = "br.com.michaeldouglas.Youse-AutoTests";
				PRODUCT_NAME = "$(TARGET_NAME)";
				SWIFT_VERSION = 4.0;
				TARGETED_DEVICE_FAMILY = "1,2";
				TEST_HOST = "$(BUILT_PRODUCTS_DIR)/Youse-Auto.app/Youse-Auto";
			};
			name = Debug;
		};
		61DC0BC7211E33B600D28BDA /* Release */ = {
			isa = XCBuildConfiguration;
			baseConfigurationReference = D93F95E2250E89790CDD822D /* Pods-Youse-AutoTests.release.xcconfig */;
			buildSettings = {
				ALWAYS_EMBED_SWIFT_STANDARD_LIBRARIES = YES;
				BUNDLE_LOADER = "$(TEST_HOST)";
				CODE_SIGN_STYLE = Automatic;
				DEVELOPMENT_TEAM = 4Q582659G6;
				INFOPLIST_FILE = "Youse-AutoTests/Info.plist";
				LD_RUNPATH_SEARCH_PATHS = (
					"$(inherited)",
					"@executable_path/Frameworks",
					"@loader_path/Frameworks",
				);
				PRODUCT_BUNDLE_IDENTIFIER = "br.com.michaeldouglas.Youse-AutoTests";
				PRODUCT_NAME = "$(TARGET_NAME)";
				SWIFT_VERSION = 4.0;
				TARGETED_DEVICE_FAMILY = "1,2";
				TEST_HOST = "$(BUILT_PRODUCTS_DIR)/Youse-Auto.app/Youse-Auto";
			};
			name = Release;
		};
		61DC0BC9211E33B600D28BDA /* Debug */ = {
			isa = XCBuildConfiguration;
			baseConfigurationReference = A1338903BA9D8F006A13D89A /* Pods-Youse-AutoUITests.debug.xcconfig */;
			buildSettings = {
				ALWAYS_EMBED_SWIFT_STANDARD_LIBRARIES = YES;
				CODE_SIGN_STYLE = Automatic;
				DEVELOPMENT_TEAM = 4Q582659G6;
				INFOPLIST_FILE = "Youse-AutoUITests/Info.plist";
				LD_RUNPATH_SEARCH_PATHS = (
					"$(inherited)",
					"@executable_path/Frameworks",
					"@loader_path/Frameworks",
				);
				PRODUCT_BUNDLE_IDENTIFIER = "br.com.michaeldouglas.Youse-AutoUITests";
				PRODUCT_NAME = "$(TARGET_NAME)";
				SWIFT_VERSION = 4.0;
				TARGETED_DEVICE_FAMILY = "1,2";
				TEST_TARGET_NAME = "Youse-Auto";
			};
			name = Debug;
		};
		61DC0BCA211E33B600D28BDA /* Release */ = {
			isa = XCBuildConfiguration;
			baseConfigurationReference = C53E37D7B8871D69D6EA228D /* Pods-Youse-AutoUITests.release.xcconfig */;
			buildSettings = {
				ALWAYS_EMBED_SWIFT_STANDARD_LIBRARIES = YES;
				CODE_SIGN_STYLE = Automatic;
				DEVELOPMENT_TEAM = 4Q582659G6;
				INFOPLIST_FILE = "Youse-AutoUITests/Info.plist";
				LD_RUNPATH_SEARCH_PATHS = (
					"$(inherited)",
					"@executable_path/Frameworks",
					"@loader_path/Frameworks",
				);
				PRODUCT_BUNDLE_IDENTIFIER = "br.com.michaeldouglas.Youse-AutoUITests";
				PRODUCT_NAME = "$(TARGET_NAME)";
				SWIFT_VERSION = 4.0;
				TARGETED_DEVICE_FAMILY = "1,2";
				TEST_TARGET_NAME = "Youse-Auto";
			};
			name = Release;
		};
/* End XCBuildConfiguration section */

/* Begin XCConfigurationList section */
		61DC0B95211E33B400D28BDA /* Build configuration list for PBXProject "Youse-Auto" */ = {
			isa = XCConfigurationList;
			buildConfigurations = (
				61DC0BC0211E33B600D28BDA /* Debug */,
				61DC0BC1211E33B600D28BDA /* Release */,
			);
			defaultConfigurationIsVisible = 0;
			defaultConfigurationName = Release;
		};
		61DC0BC2211E33B600D28BDA /* Build configuration list for PBXNativeTarget "Youse-Auto" */ = {
			isa = XCConfigurationList;
			buildConfigurations = (
				61DC0BC3211E33B600D28BDA /* Debug */,
				61DC0BC4211E33B600D28BDA /* Release */,
			);
			defaultConfigurationIsVisible = 0;
			defaultConfigurationName = Release;
		};
		61DC0BC5211E33B600D28BDA /* Build configuration list for PBXNativeTarget "Youse-AutoTests" */ = {
			isa = XCConfigurationList;
			buildConfigurations = (
				61DC0BC6211E33B600D28BDA /* Debug */,
				61DC0BC7211E33B600D28BDA /* Release */,
			);
			defaultConfigurationIsVisible = 0;
			defaultConfigurationName = Release;
		};
		61DC0BC8211E33B600D28BDA /* Build configuration list for PBXNativeTarget "Youse-AutoUITests" */ = {
			isa = XCConfigurationList;
			buildConfigurations = (
				61DC0BC9211E33B600D28BDA /* Debug */,
				61DC0BCA211E33B600D28BDA /* Release */,
			);
			defaultConfigurationIsVisible = 0;
			defaultConfigurationName = Release;
		};
/* End XCConfigurationList section */
	};
	rootObject = 61DC0B92211E33B400D28BDA /* Project object */;
}
